
Microsoft Visual Studio Solution File, Format Version 12.00
# Visual Studio Version 17
VisualStudioVersion = 17.5.002.0
MinimumVisualStudioVersion = 10.0.40219.1
Project("{9A19103F-16F7-4668-BE54-9A1E7A4F7556}") = "Connectors.HuggingFace.UnitTests", "Connectors.HuggingFace.UnitTests.csproj", "{A474D223-BC8A-475A-8F23-B2BDD60B47AE}"
EndProject
Global
	GlobalSection(SolutionConfigurationPlatforms) = preSolution
		Debug|Any CPU = Debug|Any CPU
		Release|Any CPU = Release|Any CPU
	EndGlobalSection
	GlobalSection(ProjectConfigurationPlatforms) = postSolution
		{A474D223-BC8A-475A-8F23-B2BDD60B47AE}.Debug|Any CPU.ActiveCfg = Debug|Any CPU
		{A474D223-BC8A-475A-8F23-B2BDD60B47AE}.Debug|Any CPU.Build.0 = Debug|Any CPU
		{A474D223-BC8A-475A-8F23-B2BDD60B47AE}.Release|Any CPU.ActiveCfg = Release|Any CPU
		{A474D223-BC8A-475A-8F23-B2BDD60B47AE}.Release|Any CPU.Build.0 = Release|Any CPU
	EndGlobalSection
	GlobalSection(SolutionProperties) = preSolution
		HideSolutionNode = FALSE
	EndGlobalSection
	GlobalSection(ExtensibilityGlobals) = postSolution
		SolutionGuid = {35102C5F-500C-41C7-8836-5C44DD59B98B}
	EndGlobalSection
EndGlobal
