Microsoft Visual Studio Solution File, Format Version 12.00
# Visual Studio Version 17
VisualStudioVersion = 17.5.2.0
MinimumVisualStudioVersion = 10.0.40219.1
Project("{FAE04EC0-301F-11D3-BF4B-00C04F79EFBC}") = "CopilotAgentPluginsDemoSample", "CopilotAgentPluginsDemoSample.csproj", "{7F2FF65C-BC07-E142-D909-97CCFC4B0B50}"
EndProject
Global
	GlobalSection(SolutionConfigurationPlatforms) = preSolution
		Debug|Any CPU = Debug|Any CPU
		Release|Any CPU = Release|Any CPU
	EndGlobalSection
	GlobalSection(ProjectConfigurationPlatforms) = postSolution
		{7F2FF65C-BC07-E142-D909-97CCFC4B0B50}.Debug|Any CPU.ActiveCfg = Debug|Any CPU
		{7F2FF65C-BC07-E142-D909-97CCFC4B0B50}.Debug|Any CPU.Build.0 = Debug|Any CPU
		{7F2FF65C-BC07-E142-D909-97CCFC4B0B50}.Release|Any CPU.ActiveCfg = Release|Any CPU
		{7F2FF65C-BC07-E142-D909-97CCFC4B0B50}.Release|Any CPU.Build.0 = Release|Any CPU
	EndGlobalSection
	GlobalSection(SolutionProperties) = preSolution
		HideSolutionNode = FALSE
	EndGlobalSection
	GlobalSection(ExtensibilityGlobals) = postSolution
		SolutionGuid = {820AD9F3-FFBD-4690-9EAB-89D967E00ABE}
	EndGlobalSection
EndGlobal
