
Microsoft Visual Studio Solution File, Format Version 12.00
# Visual Studio Version 17
VisualStudioVersion = 17.5.002.0
MinimumVisualStudioVersion = 10.0.40219.1
Project("{9A19103F-16F7-4668-BE54-9A1E7A4F7556}") = "sk-chatgpt-azure-function", "sk-chatgpt-azure-function.csproj", "{20F608E8-E748-4432-B673-7D98782A6E23}"
EndProject
Project("{9A19103F-16F7-4668-BE54-9A1E7A4F7556}") = "PluginShared", "shared\PluginShared.csproj", "{82A779FB-9CFD-4159-8AFC-54D00C76947C}"
EndProject
Global
	GlobalSection(SolutionConfigurationPlatforms) = preSolution
		Debug|Any CPU = Debug|Any CPU
		Release|Any CPU = Release|Any CPU
	EndGlobalSection
	GlobalSection(ProjectConfigurationPlatforms) = postSolution
		{20F608E8-E748-4432-B673-7D98782A6E23}.Debug|Any CPU.ActiveCfg = Debug|Any CPU
		{20F608E8-E748-4432-B673-7D98782A6E23}.Debug|Any CPU.Build.0 = Debug|Any CPU
		{20F608E8-E748-4432-B673-7D98782A6E23}.Release|Any CPU.ActiveCfg = Release|Any CPU
		{20F608E8-E748-4432-B673-7D98782A6E23}.Release|Any CPU.Build.0 = Release|Any CPU
		{82A779FB-9CFD-4159-8AFC-54D00C76947C}.Debug|Any CPU.ActiveCfg = Debug|Any CPU
		{82A779FB-9CFD-4159-8AFC-54D00C76947C}.Debug|Any CPU.Build.0 = Debug|Any CPU
		{82A779FB-9CFD-4159-8AFC-54D00C76947C}.Release|Any CPU.ActiveCfg = Release|Any CPU
		{82A779FB-9CFD-4159-8AFC-54D00C76947C}.Release|Any CPU.Build.0 = Release|Any CPU
	EndGlobalSection
	GlobalSection(SolutionProperties) = preSolution
		HideSolutionNode = FALSE
	EndGlobalSection
	GlobalSection(ExtensibilityGlobals) = postSolution
		SolutionGuid = {76F2FDDE-51A7-4934-BEB6-2D6F082412BD}
	EndGlobalSection
EndGlobal
