
Microsoft Visual Studio Solution File, Format Version 12.00
# Visual Studio Version 17
VisualStudioVersion = 17.11.35312.102
MinimumVisualStudioVersion = 10.0.40219.1
Project("{9A19103F-16F7-4668-BE54-9A1E7A4F7556}") = "AssistantCodeInterpreter", "AssistantCodeInterpreter\AssistantCodeInterpreter.csproj", "{D51769A9-4725-4065-886D-7C9B572061E6}"
EndProject
Project("{9A19103F-16F7-4668-BE54-9A1E7A4F7556}") = "AssistantFileSearch", "AssistantFileSearch\AssistantFileSearch.csproj", "{718DCE88-4CD6-4169-9873-1B2084779B4B}"
EndProject
Global
	GlobalSection(SolutionConfigurationPlatforms) = preSolution
		Debug|Any CPU = Debug|Any CPU
		Release|Any CPU = Release|Any CPU
	EndGlobalSection
	GlobalSection(ProjectConfigurationPlatforms) = postSolution
		{D51769A9-4725-4065-886D-7C9B572061E6}.Debug|Any CPU.ActiveCfg = Debug|Any CPU
		{D51769A9-4725-4065-886D-7C9B572061E6}.Debug|Any CPU.Build.0 = Debug|Any CPU
		{D51769A9-4725-4065-886D-7C9B572061E6}.Release|Any CPU.ActiveCfg = Release|Any CPU
		{D51769A9-4725-4065-886D-7C9B572061E6}.Release|Any CPU.Build.0 = Release|Any CPU
		{718DCE88-4CD6-4169-9873-1B2084779B4B}.Debug|Any CPU.ActiveCfg = Debug|Any CPU
		{718DCE88-4CD6-4169-9873-1B2084779B4B}.Debug|Any CPU.Build.0 = Debug|Any CPU
		{718DCE88-4CD6-4169-9873-1B2084779B4B}.Release|Any CPU.ActiveCfg = Release|Any CPU
		{718DCE88-4CD6-4169-9873-1B2084779B4B}.Release|Any CPU.Build.0 = Release|Any CPU
	EndGlobalSection
	GlobalSection(SolutionProperties) = preSolution
		HideSolutionNode = FALSE
	EndGlobalSection
	GlobalSection(ExtensibilityGlobals) = postSolution
		SolutionGuid = {39EFF5A5-6A00-4FE1-9B23-D28169601CE4}
	EndGlobalSection
EndGlobal
