
Microsoft Visual Studio Solution File, Format Version 12.00
# Visual Studio Version 17
VisualStudioVersion = 17.5.002.0
MinimumVisualStudioVersion = 10.0.40219.1
Project("{9A19103F-16F7-4668-BE54-9A1E7A4F7556}") = "Connectors.AzureAIInference", "Connectors.AzureAIInference\Connectors.AzureAIInference.csproj", "{8C7E5E1D-3D64-4132-ADFA-15DD187A941D}"
EndProject
Project("{9A19103F-16F7-4668-BE54-9A1E7A4F7556}") = "Connectors.AzureAIInference.UnitTests", "Connectors.AzureAIInference.UnitTests\Connectors.AzureAIInference.UnitTests.csproj", "{693F8EFC-B878-412F-8EA8-10FC23DAC7FC}"
EndProject
Project("{9A19103F-16F7-4668-BE54-9A1E7A4F7556}") = "Connectors.AzureAISearch.UnitTests", "Connectors.AzureAISearch.UnitTests\Connectors.AzureAISearch.UnitTests.csproj", "{AB6939C7-7E4F-464E-9530-20BB3815D90E}"
EndProject
Project("{9A19103F-16F7-4668-BE54-9A1E7A4F7556}") = "Connectors.AzureCosmosDBMongoDB.UnitTests", "Connectors.AzureCosmosDBMongoDB.UnitTests\Connectors.AzureCosmosDBMongoDB.UnitTests.csproj", "{25AFFA66-B113-4D5A-8BB3-AD2508911DBC}"
EndProject
Project("{9A19103F-16F7-4668-BE54-9A1E7A4F7556}") = "Connectors.AzureCosmosDBNoSQL.UnitTests", "Connectors.AzureCosmosDBNoSQL.UnitTests\Connectors.AzureCosmosDBNoSQL.UnitTests.csproj", "{0B6D6396-7EBA-463C-8FAC-4A5A564E3DAB}"
EndProject
Project("{9A19103F-16F7-4668-BE54-9A1E7A4F7556}") = "Connectors.AzureOpenAI", "Connectors.AzureOpenAI\Connectors.AzureOpenAI.csproj", "{EB5EBF55-8AB8-4E22-87F4-84A7647D1D14}"
EndProject
Project("{9A19103F-16F7-4668-BE54-9A1E7A4F7556}") = "Connectors.AzureOpenAI.UnitTests", "Connectors.AzureOpenAI.UnitTests\Connectors.AzureOpenAI.UnitTests.csproj", "{0D256BEA-8279-473A-B18A-A291B30847F2}"
EndProject
Project("{9A19103F-16F7-4668-BE54-9A1E7A4F7556}") = "Connectors.Google", "Connectors.Google\Connectors.Google.csproj", "{417C1D56-5D61-4C13-BD6D-7D5A62CADE4E}"
EndProject
Project("{9A19103F-16F7-4668-BE54-9A1E7A4F7556}") = "Connectors.Google.UnitTests", "Connectors.Google.UnitTests\Connectors.Google.UnitTests.csproj", "{6C83EEC2-2148-4B82-A569-BEA215F9464F}"
EndProject
Project("{9A19103F-16F7-4668-BE54-9A1E7A4F7556}") = "Connectors.HuggingFace", "Connectors.HuggingFace\Connectors.HuggingFace.csproj", "{8CE1AA01-3BE3-4BC0-A14C-AFBB6610D0A7}"
EndProject
Project("{9A19103F-16F7-4668-BE54-9A1E7A4F7556}") = "Connectors.HuggingFace.UnitTests", "Connectors.HuggingFace.UnitTests\Connectors.HuggingFace.UnitTests.csproj", "{A958ACBA-61EE-440E-AB6D-AD27848B7429}"
EndProject
Project("{9A19103F-16F7-4668-BE54-9A1E7A4F7556}") = "Connectors.InMemory.UnitTests", "Connectors.InMemory.UnitTests\Connectors.InMemory.UnitTests.csproj", "{1083AEC8-11E3-4D3E-B635-0F1E7604F596}"
EndProject
Project("{9A19103F-16F7-4668-BE54-9A1E7A4F7556}") = "Connectors.Memory.AzureAISearch", "Connectors.Memory.AzureAISearch\Connectors.Memory.AzureAISearch.csproj", "{1E56DD1A-F3AF-4983-B75F-87F7373C3B8A}"
EndProject
Project("{9A19103F-16F7-4668-BE54-9A1E7A4F7556}") = "Connectors.Memory.AzureCosmosDBMongoDB", "Connectors.Memory.AzureCosmosDBMongoDB\Connectors.Memory.AzureCosmosDBMongoDB.csproj", "{CC46AF2A-CC09-49DB-A973-C55D295E26EE}"
EndProject
Project("{9A19103F-16F7-4668-BE54-9A1E7A4F7556}") = "Connectors.Memory.AzureCosmosDBNoSQL", "Connectors.Memory.AzureCosmosDBNoSQL\Connectors.Memory.AzureCosmosDBNoSQL.csproj", "{2272A9C0-7870-460C-AA3F-8A9B2A3CB62E}"
EndProject
Project("{9A19103F-16F7-4668-BE54-9A1E7A4F7556}") = "Connectors.Memory.Chroma", "Connectors.Memory.Chroma\Connectors.Memory.Chroma.csproj", "{A130CD9C-36AB-4AD6-B098-351492C57459}"
EndProject
Project("{9A19103F-16F7-4668-BE54-9A1E7A4F7556}") = "Connectors.Memory.DuckDB", "Connectors.Memory.DuckDB\Connectors.Memory.DuckDB.csproj", "{831AF068-2F54-4742-B6D1-C327EF6F9762}"
EndProject
Project("{9A19103F-16F7-4668-BE54-9A1E7A4F7556}") = "Connectors.Memory.InMemory", "Connectors.Memory.InMemory\Connectors.Memory.InMemory.csproj", "{3F28280D-0887-4F0C-8D3D-1983606125F9}"
EndProject
Project("{9A19103F-16F7-4668-BE54-9A1E7A4F7556}") = "Connectors.Memory.Kusto", "Connectors.Memory.Kusto\Connectors.Memory.Kusto.csproj", "{F1756883-3B7D-4724-B9AE-C8B4246DF9C3}"
EndProject
Project("{9A19103F-16F7-4668-BE54-9A1E7A4F7556}") = "Connectors.Memory.Milvus", "Connectors.Memory.Milvus\Connectors.Memory.Milvus.csproj", "{171201F5-9CBB-4A61-9444-176B6D973A26}"
EndProject
Project("{9A19103F-16F7-4668-BE54-9A1E7A4F7556}") = "Connectors.Memory.MongoDB", "Connectors.Memory.MongoDB\Connectors.Memory.MongoDB.csproj", "{2CD04419-2A2B-4A1D-8C48-64ED70CE81DC}"
EndProject
Project("{9A19103F-16F7-4668-BE54-9A1E7A4F7556}") = "Connectors.Memory.Pinecone", "Connectors.Memory.Pinecone\Connectors.Memory.Pinecone.csproj", "{13EB9980-5E7F-4A46-9F07-A8EA9F0588C4}"
EndProject
Project("{9A19103F-16F7-4668-BE54-9A1E7A4F7556}") = "Connectors.Memory.Postgres", "Connectors.Memory.Postgres\Connectors.Memory.Postgres.csproj", "{61506A21-B951-4FF5-9725-6F31C5E3602C}"
EndProject
Project("{9A19103F-16F7-4668-BE54-9A1E7A4F7556}") = "Connectors.Memory.Qdrant", "Connectors.Memory.Qdrant\Connectors.Memory.Qdrant.csproj", "{4B327409-55B9-47AB-8B77-53775926E00E}"
EndProject
Project("{9A19103F-16F7-4668-BE54-9A1E7A4F7556}") = "Connectors.Memory.Redis", "Connectors.Memory.Redis\Connectors.Memory.Redis.csproj", "{E075F09C-5D8C-4A16-919A-8EBE1AEC7C12}"
EndProject
Project("{9A19103F-16F7-4668-BE54-9A1E7A4F7556}") = "Connectors.Memory.Sqlite", "Connectors.Memory.Sqlite\Connectors.Memory.Sqlite.csproj", "{0FB50470-AF2E-4D0D-ABE6-5CA793A96A5C}"
EndProject
Project("{9A19103F-16F7-4668-BE54-9A1E7A4F7556}") = "Connectors.Memory.SqlServer", "Connectors.Memory.SqlServer\Connectors.Memory.SqlServer.csproj", "{1CE773D4-B88A-45EF-B1FE-F4AD65BE217E}"
EndProject
Project("{9A19103F-16F7-4668-BE54-9A1E7A4F7556}") = "Connectors.Memory.Weaviate", "Connectors.Memory.Weaviate\Connectors.Memory.Weaviate.csproj", "{E760F2E3-1A51-4CCF-AED6-9744DC161579}"
EndProject
Project("{9A19103F-16F7-4668-BE54-9A1E7A4F7556}") = "Connectors.MistralAI", "Connectors.MistralAI\Connectors.MistralAI.csproj", "{FE8A8CAF-7DD6-47B6-BE88-8A844356329A}"
EndProject
Project("{9A19103F-16F7-4668-BE54-9A1E7A4F7556}") = "Connectors.MistralAI.UnitTests", "Connectors.MistralAI.UnitTests\Connectors.MistralAI.UnitTests.csproj", "{8D1588E9-98D6-4E9F-BB93-7C03632D47AD}"
EndProject
Project("{9A19103F-16F7-4668-BE54-9A1E7A4F7556}") = "Connectors.MongoDB.UnitTests", "Connectors.MongoDB.UnitTests\Connectors.MongoDB.UnitTests.csproj", "{296FB84E-E3C0-4F17-9A46-FD055395B3F3}"
EndProject
Project("{9A19103F-16F7-4668-BE54-9A1E7A4F7556}") = "Connectors.Ollama", "Connectors.Ollama\Connectors.Ollama.csproj", "{8CCCE7F0-0A18-422E-AA1A-86D02F6F6013}"
EndProject
Project("{9A19103F-16F7-4668-BE54-9A1E7A4F7556}") = "Connectors.Ollama.UnitTests", "Connectors.Ollama.UnitTests\Connectors.Ollama.UnitTests.csproj", "{B4EAA174-3358-4EDB-909A-BC0F7906592D}"
EndProject
Project("{9A19103F-16F7-4668-BE54-9A1E7A4F7556}") = "Connectors.Onnx", "Connectors.Onnx\Connectors.Onnx.csproj", "{446AF497-3F1B-4D5B-8F40-BC1D7DCE0CED}"
EndProject
Project("{9A19103F-16F7-4668-BE54-9A1E7A4F7556}") = "Connectors.Onnx.Cpu", "Connectors.Onnx.Cpu\Connectors.Onnx.Cpu.csproj", "{AC0AEB5A-D67F-437F-89C1-07B87A7AEC23}"
EndProject
Project("{9A19103F-16F7-4668-BE54-9A1E7A4F7556}") = "Connectors.Onnx.DirectML", "Connectors.Onnx.DirectML\Connectors.Onnx.DirectML.csproj", "{DC55813E-9B56-4C6B-A12A-EFE4769ED04E}"
EndProject
Project("{9A19103F-16F7-4668-BE54-9A1E7A4F7556}") = "Connectors.Onnx.Gpu", "Connectors.Onnx.Gpu\Connectors.Onnx.Gpu.csproj", "{B84F4278-93ED-4270-B8F2-161D33798862}"
EndProject
Project("{9A19103F-16F7-4668-BE54-9A1E7A4F7556}") = "Connectors.Onnx.UnitTests", "Connectors.Onnx.UnitTests\Connectors.Onnx.UnitTests.csproj", "{EF95014D-DDF8-4CE4-BBFA-F34AB4CC3FB2}"
EndProject
Project("{9A19103F-16F7-4668-BE54-9A1E7A4F7556}") = "Connectors.OpenAI", "Connectors.OpenAI\Connectors.OpenAI.csproj", "{790A73FE-7F71-4C3A-BB0C-A02E71ED7389}"
EndProject
Project("{9A19103F-16F7-4668-BE54-9A1E7A4F7556}") = "Connectors.OpenAI.UnitTests", "Connectors.OpenAI.UnitTests\Connectors.OpenAI.UnitTests.csproj", "{386FD0ED-A103-4ED2-84A8-D20BBC1FEC15}"
EndProject
Project("{9A19103F-16F7-4668-BE54-9A1E7A4F7556}") = "Connectors.Pinecone.UnitTests", "Connectors.Pinecone.UnitTests\Connectors.Pinecone.UnitTests.csproj", "{8C0B1D60-52E7-4862-9334-0653912E23A6}"
EndProject
Project("{9A19103F-16F7-4668-BE54-9A1E7A4F7556}") = "Connectors.Qdrant.UnitTests", "Connectors.Qdrant.UnitTests\Connectors.Qdrant.UnitTests.csproj", "{FAEA9707-529E-4FAB-A3A4-D24877A200A9}"
EndProject
Project("{9A19103F-16F7-4668-BE54-9A1E7A4F7556}") = "Connectors.Redis.UnitTests", "Connectors.Redis.UnitTests\Connectors.Redis.UnitTests.csproj", "{E36D86AA-C197-4A67-9DB2-B95D6D9A1807}"
EndProject
Project("{9A19103F-16F7-4668-BE54-9A1E7A4F7556}") = "Connectors.Sqlite.UnitTests", "Connectors.Sqlite.UnitTests\Connectors.Sqlite.UnitTests.csproj", "{BE1A0FE5-42C5-40AE-8902-AADC6B84FBBC}"
EndProject
Project("{9A19103F-16F7-4668-BE54-9A1E7A4F7556}") = "Connectors.UnitTests", "Connectors.UnitTests\Connectors.UnitTests.csproj", "{E9BDE09D-4D86-422B-9D4C-981A6B10A52B}"
EndProject
Project("{9A19103F-16F7-4668-BE54-9A1E7A4F7556}") = "Connectors.Weaviate.UnitTests", "Connectors.Weaviate.UnitTests\Connectors.Weaviate.UnitTests.csproj", "{20C0A942-6B42-4CDE-86CC-B031772F04DF}"
EndProject
Project("{9A19103F-16F7-4668-BE54-9A1E7A4F7556}") = "VectorData.Abstractions", "VectorData.Abstractions\VectorData.Abstractions.csproj", "{4E2D1A78-A6CE-4160-A91E-3D2777E43CBF}"
EndProject
Global
	GlobalSection(SolutionConfigurationPlatforms) = preSolution
		Debug|Any CPU = Debug|Any CPU
		Release|Any CPU = Release|Any CPU
	EndGlobalSection
	GlobalSection(ProjectConfigurationPlatforms) = postSolution
		{8C7E5E1D-3D64-4132-ADFA-15DD187A941D}.Debug|Any CPU.ActiveCfg = Debug|Any CPU
		{8C7E5E1D-3D64-4132-ADFA-15DD187A941D}.Debug|Any CPU.Build.0 = Debug|Any CPU
		{8C7E5E1D-3D64-4132-ADFA-15DD187A941D}.Release|Any CPU.ActiveCfg = Release|Any CPU
		{8C7E5E1D-3D64-4132-ADFA-15DD187A941D}.Release|Any CPU.Build.0 = Release|Any CPU
		{693F8EFC-B878-412F-8EA8-10FC23DAC7FC}.Debug|Any CPU.ActiveCfg = Debug|Any CPU
		{693F8EFC-B878-412F-8EA8-10FC23DAC7FC}.Debug|Any CPU.Build.0 = Debug|Any CPU
		{693F8EFC-B878-412F-8EA8-10FC23DAC7FC}.Release|Any CPU.ActiveCfg = Release|Any CPU
		{693F8EFC-B878-412F-8EA8-10FC23DAC7FC}.Release|Any CPU.Build.0 = Release|Any CPU
		{AB6939C7-7E4F-464E-9530-20BB3815D90E}.Debug|Any CPU.ActiveCfg = Debug|Any CPU
		{AB6939C7-7E4F-464E-9530-20BB3815D90E}.Debug|Any CPU.Build.0 = Debug|Any CPU
		{AB6939C7-7E4F-464E-9530-20BB3815D90E}.Release|Any CPU.ActiveCfg = Release|Any CPU
		{AB6939C7-7E4F-464E-9530-20BB3815D90E}.Release|Any CPU.Build.0 = Release|Any CPU
		{25AFFA66-B113-4D5A-8BB3-AD2508911DBC}.Debug|Any CPU.ActiveCfg = Debug|Any CPU
		{25AFFA66-B113-4D5A-8BB3-AD2508911DBC}.Debug|Any CPU.Build.0 = Debug|Any CPU
		{25AFFA66-B113-4D5A-8BB3-AD2508911DBC}.Release|Any CPU.ActiveCfg = Release|Any CPU
		{25AFFA66-B113-4D5A-8BB3-AD2508911DBC}.Release|Any CPU.Build.0 = Release|Any CPU
		{0B6D6396-7EBA-463C-8FAC-4A5A564E3DAB}.Debug|Any CPU.ActiveCfg = Debug|Any CPU
		{0B6D6396-7EBA-463C-8FAC-4A5A564E3DAB}.Debug|Any CPU.Build.0 = Debug|Any CPU
		{0B6D6396-7EBA-463C-8FAC-4A5A564E3DAB}.Release|Any CPU.ActiveCfg = Release|Any CPU
		{0B6D6396-7EBA-463C-8FAC-4A5A564E3DAB}.Release|Any CPU.Build.0 = Release|Any CPU
		{EB5EBF55-8AB8-4E22-87F4-84A7647D1D14}.Debug|Any CPU.ActiveCfg = Debug|Any CPU
		{EB5EBF55-8AB8-4E22-87F4-84A7647D1D14}.Debug|Any CPU.Build.0 = Debug|Any CPU
		{EB5EBF55-8AB8-4E22-87F4-84A7647D1D14}.Release|Any CPU.ActiveCfg = Release|Any CPU
		{EB5EBF55-8AB8-4E22-87F4-84A7647D1D14}.Release|Any CPU.Build.0 = Release|Any CPU
		{0D256BEA-8279-473A-B18A-A291B30847F2}.Debug|Any CPU.ActiveCfg = Debug|Any CPU
		{0D256BEA-8279-473A-B18A-A291B30847F2}.Debug|Any CPU.Build.0 = Debug|Any CPU
		{0D256BEA-8279-473A-B18A-A291B30847F2}.Release|Any CPU.ActiveCfg = Release|Any CPU
		{0D256BEA-8279-473A-B18A-A291B30847F2}.Release|Any CPU.Build.0 = Release|Any CPU
		{417C1D56-5D61-4C13-BD6D-7D5A62CADE4E}.Debug|Any CPU.ActiveCfg = Debug|Any CPU
		{417C1D56-5D61-4C13-BD6D-7D5A62CADE4E}.Debug|Any CPU.Build.0 = Debug|Any CPU
		{417C1D56-5D61-4C13-BD6D-7D5A62CADE4E}.Release|Any CPU.ActiveCfg = Release|Any CPU
		{417C1D56-5D61-4C13-BD6D-7D5A62CADE4E}.Release|Any CPU.Build.0 = Release|Any CPU
		{6C83EEC2-2148-4B82-A569-BEA215F9464F}.Debug|Any CPU.ActiveCfg = Debug|Any CPU
		{6C83EEC2-2148-4B82-A569-BEA215F9464F}.Debug|Any CPU.Build.0 = Debug|Any CPU
		{6C83EEC2-2148-4B82-A569-BEA215F9464F}.Release|Any CPU.ActiveCfg = Release|Any CPU
		{6C83EEC2-2148-4B82-A569-BEA215F9464F}.Release|Any CPU.Build.0 = Release|Any CPU
		{8CE1AA01-3BE3-4BC0-A14C-AFBB6610D0A7}.Debug|Any CPU.ActiveCfg = Debug|Any CPU
		{8CE1AA01-3BE3-4BC0-A14C-AFBB6610D0A7}.Debug|Any CPU.Build.0 = Debug|Any CPU
		{8CE1AA01-3BE3-4BC0-A14C-AFBB6610D0A7}.Release|Any CPU.ActiveCfg = Release|Any CPU
		{8CE1AA01-3BE3-4BC0-A14C-AFBB6610D0A7}.Release|Any CPU.Build.0 = Release|Any CPU
		{A958ACBA-61EE-440E-AB6D-AD27848B7429}.Debug|Any CPU.ActiveCfg = Debug|Any CPU
		{A958ACBA-61EE-440E-AB6D-AD27848B7429}.Debug|Any CPU.Build.0 = Debug|Any CPU
		{A958ACBA-61EE-440E-AB6D-AD27848B7429}.Release|Any CPU.ActiveCfg = Release|Any CPU
		{A958ACBA-61EE-440E-AB6D-AD27848B7429}.Release|Any CPU.Build.0 = Release|Any CPU
		{1083AEC8-11E3-4D3E-B635-0F1E7604F596}.Debug|Any CPU.ActiveCfg = Debug|Any CPU
		{1083AEC8-11E3-4D3E-B635-0F1E7604F596}.Debug|Any CPU.Build.0 = Debug|Any CPU
		{1083AEC8-11E3-4D3E-B635-0F1E7604F596}.Release|Any CPU.ActiveCfg = Release|Any CPU
		{1083AEC8-11E3-4D3E-B635-0F1E7604F596}.Release|Any CPU.Build.0 = Release|Any CPU
		{1E56DD1A-F3AF-4983-B75F-87F7373C3B8A}.Debug|Any CPU.ActiveCfg = Debug|Any CPU
		{1E56DD1A-F3AF-4983-B75F-87F7373C3B8A}.Debug|Any CPU.Build.0 = Debug|Any CPU
		{1E56DD1A-F3AF-4983-B75F-87F7373C3B8A}.Release|Any CPU.ActiveCfg = Release|Any CPU
		{1E56DD1A-F3AF-4983-B75F-87F7373C3B8A}.Release|Any CPU.Build.0 = Release|Any CPU
		{CC46AF2A-CC09-49DB-A973-C55D295E26EE}.Debug|Any CPU.ActiveCfg = Debug|Any CPU
		{CC46AF2A-CC09-49DB-A973-C55D295E26EE}.Debug|Any CPU.Build.0 = Debug|Any CPU
		{CC46AF2A-CC09-49DB-A973-C55D295E26EE}.Release|Any CPU.ActiveCfg = Release|Any CPU
		{CC46AF2A-CC09-49DB-A973-C55D295E26EE}.Release|Any CPU.Build.0 = Release|Any CPU
		{2272A9C0-7870-460C-AA3F-8A9B2A3CB62E}.Debug|Any CPU.ActiveCfg = Debug|Any CPU
		{2272A9C0-7870-460C-AA3F-8A9B2A3CB62E}.Debug|Any CPU.Build.0 = Debug|Any CPU
		{2272A9C0-7870-460C-AA3F-8A9B2A3CB62E}.Release|Any CPU.ActiveCfg = Release|Any CPU
		{2272A9C0-7870-460C-AA3F-8A9B2A3CB62E}.Release|Any CPU.Build.0 = Release|Any CPU
		{A130CD9C-36AB-4AD6-B098-351492C57459}.Debug|Any CPU.ActiveCfg = Debug|Any CPU
		{A130CD9C-36AB-4AD6-B098-351492C57459}.Debug|Any CPU.Build.0 = Debug|Any CPU
		{A130CD9C-36AB-4AD6-B098-351492C57459}.Release|Any CPU.ActiveCfg = Release|Any CPU
		{A130CD9C-36AB-4AD6-B098-351492C57459}.Release|Any CPU.Build.0 = Release|Any CPU
		{831AF068-2F54-4742-B6D1-C327EF6F9762}.Debug|Any CPU.ActiveCfg = Debug|Any CPU
		{831AF068-2F54-4742-B6D1-C327EF6F9762}.Debug|Any CPU.Build.0 = Debug|Any CPU
		{831AF068-2F54-4742-B6D1-C327EF6F9762}.Release|Any CPU.ActiveCfg = Release|Any CPU
		{831AF068-2F54-4742-B6D1-C327EF6F9762}.Release|Any CPU.Build.0 = Release|Any CPU
		{3F28280D-0887-4F0C-8D3D-1983606125F9}.Debug|Any CPU.ActiveCfg = Debug|Any CPU
		{3F28280D-0887-4F0C-8D3D-1983606125F9}.Debug|Any CPU.Build.0 = Debug|Any CPU
		{3F28280D-0887-4F0C-8D3D-1983606125F9}.Release|Any CPU.ActiveCfg = Release|Any CPU
		{3F28280D-0887-4F0C-8D3D-1983606125F9}.Release|Any CPU.Build.0 = Release|Any CPU
		{F1756883-3B7D-4724-B9AE-C8B4246DF9C3}.Debug|Any CPU.ActiveCfg = Debug|Any CPU
		{F1756883-3B7D-4724-B9AE-C8B4246DF9C3}.Debug|Any CPU.Build.0 = Debug|Any CPU
		{F1756883-3B7D-4724-B9AE-C8B4246DF9C3}.Release|Any CPU.ActiveCfg = Release|Any CPU
		{F1756883-3B7D-4724-B9AE-C8B4246DF9C3}.Release|Any CPU.Build.0 = Release|Any CPU
		{171201F5-9CBB-4A61-9444-176B6D973A26}.Debug|Any CPU.ActiveCfg = Debug|Any CPU
		{171201F5-9CBB-4A61-9444-176B6D973A26}.Debug|Any CPU.Build.0 = Debug|Any CPU
		{171201F5-9CBB-4A61-9444-176B6D973A26}.Release|Any CPU.ActiveCfg = Release|Any CPU
		{171201F5-9CBB-4A61-9444-176B6D973A26}.Release|Any CPU.Build.0 = Release|Any CPU
		{2CD04419-2A2B-4A1D-8C48-64ED70CE81DC}.Debug|Any CPU.ActiveCfg = Debug|Any CPU
		{2CD04419-2A2B-4A1D-8C48-64ED70CE81DC}.Debug|Any CPU.Build.0 = Debug|Any CPU
		{2CD04419-2A2B-4A1D-8C48-64ED70CE81DC}.Release|Any CPU.ActiveCfg = Release|Any CPU
		{2CD04419-2A2B-4A1D-8C48-64ED70CE81DC}.Release|Any CPU.Build.0 = Release|Any CPU
		{13EB9980-5E7F-4A46-9F07-A8EA9F0588C4}.Debug|Any CPU.ActiveCfg = Debug|Any CPU
		{13EB9980-5E7F-4A46-9F07-A8EA9F0588C4}.Debug|Any CPU.Build.0 = Debug|Any CPU
		{13EB9980-5E7F-4A46-9F07-A8EA9F0588C4}.Release|Any CPU.ActiveCfg = Release|Any CPU
		{13EB9980-5E7F-4A46-9F07-A8EA9F0588C4}.Release|Any CPU.Build.0 = Release|Any CPU
		{61506A21-B951-4FF5-9725-6F31C5E3602C}.Debug|Any CPU.ActiveCfg = Debug|Any CPU
		{61506A21-B951-4FF5-9725-6F31C5E3602C}.Debug|Any CPU.Build.0 = Debug|Any CPU
		{61506A21-B951-4FF5-9725-6F31C5E3602C}.Release|Any CPU.ActiveCfg = Release|Any CPU
		{61506A21-B951-4FF5-9725-6F31C5E3602C}.Release|Any CPU.Build.0 = Release|Any CPU
		{4B327409-55B9-47AB-8B77-53775926E00E}.Debug|Any CPU.ActiveCfg = Debug|Any CPU
		{4B327409-55B9-47AB-8B77-53775926E00E}.Debug|Any CPU.Build.0 = Debug|Any CPU
		{4B327409-55B9-47AB-8B77-53775926E00E}.Release|Any CPU.ActiveCfg = Release|Any CPU
		{4B327409-55B9-47AB-8B77-53775926E00E}.Release|Any CPU.Build.0 = Release|Any CPU
		{E075F09C-5D8C-4A16-919A-8EBE1AEC7C12}.Debug|Any CPU.ActiveCfg = Debug|Any CPU
		{E075F09C-5D8C-4A16-919A-8EBE1AEC7C12}.Debug|Any CPU.Build.0 = Debug|Any CPU
		{E075F09C-5D8C-4A16-919A-8EBE1AEC7C12}.Release|Any CPU.ActiveCfg = Release|Any CPU
		{E075F09C-5D8C-4A16-919A-8EBE1AEC7C12}.Release|Any CPU.Build.0 = Release|Any CPU
		{0FB50470-AF2E-4D0D-ABE6-5CA793A96A5C}.Debug|Any CPU.ActiveCfg = Debug|Any CPU
		{0FB50470-AF2E-4D0D-ABE6-5CA793A96A5C}.Debug|Any CPU.Build.0 = Debug|Any CPU
		{0FB50470-AF2E-4D0D-ABE6-5CA793A96A5C}.Release|Any CPU.ActiveCfg = Release|Any CPU
		{0FB50470-AF2E-4D0D-ABE6-5CA793A96A5C}.Release|Any CPU.Build.0 = Release|Any CPU
		{1CE773D4-B88A-45EF-B1FE-F4AD65BE217E}.Debug|Any CPU.ActiveCfg = Debug|Any CPU
		{1CE773D4-B88A-45EF-B1FE-F4AD65BE217E}.Debug|Any CPU.Build.0 = Debug|Any CPU
		{1CE773D4-B88A-45EF-B1FE-F4AD65BE217E}.Release|Any CPU.ActiveCfg = Release|Any CPU
		{1CE773D4-B88A-45EF-B1FE-F4AD65BE217E}.Release|Any CPU.Build.0 = Release|Any CPU
		{E760F2E3-1A51-4CCF-AED6-9744DC161579}.Debug|Any CPU.ActiveCfg = Debug|Any CPU
		{E760F2E3-1A51-4CCF-AED6-9744DC161579}.Debug|Any CPU.Build.0 = Debug|Any CPU
		{E760F2E3-1A51-4CCF-AED6-9744DC161579}.Release|Any CPU.ActiveCfg = Release|Any CPU
		{E760F2E3-1A51-4CCF-AED6-9744DC161579}.Release|Any CPU.Build.0 = Release|Any CPU
		{FE8A8CAF-7DD6-47B6-BE88-8A844356329A}.Debug|Any CPU.ActiveCfg = Debug|Any CPU
		{FE8A8CAF-7DD6-47B6-BE88-8A844356329A}.Debug|Any CPU.Build.0 = Debug|Any CPU
		{FE8A8CAF-7DD6-47B6-BE88-8A844356329A}.Release|Any CPU.ActiveCfg = Release|Any CPU
		{FE8A8CAF-7DD6-47B6-BE88-8A844356329A}.Release|Any CPU.Build.0 = Release|Any CPU
		{8D1588E9-98D6-4E9F-BB93-7C03632D47AD}.Debug|Any CPU.ActiveCfg = Debug|Any CPU
		{8D1588E9-98D6-4E9F-BB93-7C03632D47AD}.Debug|Any CPU.Build.0 = Debug|Any CPU
		{8D1588E9-98D6-4E9F-BB93-7C03632D47AD}.Release|Any CPU.ActiveCfg = Release|Any CPU
		{8D1588E9-98D6-4E9F-BB93-7C03632D47AD}.Release|Any CPU.Build.0 = Release|Any CPU
		{296FB84E-E3C0-4F17-9A46-FD055395B3F3}.Debug|Any CPU.ActiveCfg = Debug|Any CPU
		{296FB84E-E3C0-4F17-9A46-FD055395B3F3}.Debug|Any CPU.Build.0 = Debug|Any CPU
		{296FB84E-E3C0-4F17-9A46-FD055395B3F3}.Release|Any CPU.ActiveCfg = Release|Any CPU
		{296FB84E-E3C0-4F17-9A46-FD055395B3F3}.Release|Any CPU.Build.0 = Release|Any CPU
		{8CCCE7F0-0A18-422E-AA1A-86D02F6F6013}.Debug|Any CPU.ActiveCfg = Debug|Any CPU
		{8CCCE7F0-0A18-422E-AA1A-86D02F6F6013}.Debug|Any CPU.Build.0 = Debug|Any CPU
		{8CCCE7F0-0A18-422E-AA1A-86D02F6F6013}.Release|Any CPU.ActiveCfg = Release|Any CPU
		{8CCCE7F0-0A18-422E-AA1A-86D02F6F6013}.Release|Any CPU.Build.0 = Release|Any CPU
		{B4EAA174-3358-4EDB-909A-BC0F7906592D}.Debug|Any CPU.ActiveCfg = Debug|Any CPU
		{B4EAA174-3358-4EDB-909A-BC0F7906592D}.Debug|Any CPU.Build.0 = Debug|Any CPU
		{B4EAA174-3358-4EDB-909A-BC0F7906592D}.Release|Any CPU.ActiveCfg = Release|Any CPU
		{B4EAA174-3358-4EDB-909A-BC0F7906592D}.Release|Any CPU.Build.0 = Release|Any CPU
		{446AF497-3F1B-4D5B-8F40-BC1D7DCE0CED}.Debug|Any CPU.ActiveCfg = Debug|Any CPU
		{446AF497-3F1B-4D5B-8F40-BC1D7DCE0CED}.Debug|Any CPU.Build.0 = Debug|Any CPU
		{446AF497-3F1B-4D5B-8F40-BC1D7DCE0CED}.Release|Any CPU.ActiveCfg = Release|Any CPU
		{446AF497-3F1B-4D5B-8F40-BC1D7DCE0CED}.Release|Any CPU.Build.0 = Release|Any CPU
		{AC0AEB5A-D67F-437F-89C1-07B87A7AEC23}.Debug|Any CPU.ActiveCfg = Debug|Any CPU
		{AC0AEB5A-D67F-437F-89C1-07B87A7AEC23}.Debug|Any CPU.Build.0 = Debug|Any CPU
		{AC0AEB5A-D67F-437F-89C1-07B87A7AEC23}.Release|Any CPU.ActiveCfg = Release|Any CPU
		{AC0AEB5A-D67F-437F-89C1-07B87A7AEC23}.Release|Any CPU.Build.0 = Release|Any CPU
		{DC55813E-9B56-4C6B-A12A-EFE4769ED04E}.Debug|Any CPU.ActiveCfg = Debug|Any CPU
		{DC55813E-9B56-4C6B-A12A-EFE4769ED04E}.Debug|Any CPU.Build.0 = Debug|Any CPU
		{DC55813E-9B56-4C6B-A12A-EFE4769ED04E}.Release|Any CPU.ActiveCfg = Release|Any CPU
		{DC55813E-9B56-4C6B-A12A-EFE4769ED04E}.Release|Any CPU.Build.0 = Release|Any CPU
		{B84F4278-93ED-4270-B8F2-161D33798862}.Debug|Any CPU.ActiveCfg = Debug|Any CPU
		{B84F4278-93ED-4270-B8F2-161D33798862}.Debug|Any CPU.Build.0 = Debug|Any CPU
		{B84F4278-93ED-4270-B8F2-161D33798862}.Release|Any CPU.ActiveCfg = Release|Any CPU
		{B84F4278-93ED-4270-B8F2-161D33798862}.Release|Any CPU.Build.0 = Release|Any CPU
		{EF95014D-DDF8-4CE4-BBFA-F34AB4CC3FB2}.Debug|Any CPU.ActiveCfg = Debug|Any CPU
		{EF95014D-DDF8-4CE4-BBFA-F34AB4CC3FB2}.Debug|Any CPU.Build.0 = Debug|Any CPU
		{EF95014D-DDF8-4CE4-BBFA-F34AB4CC3FB2}.Release|Any CPU.ActiveCfg = Release|Any CPU
		{EF95014D-DDF8-4CE4-BBFA-F34AB4CC3FB2}.Release|Any CPU.Build.0 = Release|Any CPU
		{790A73FE-7F71-4C3A-BB0C-A02E71ED7389}.Debug|Any CPU.ActiveCfg = Debug|Any CPU
		{790A73FE-7F71-4C3A-BB0C-A02E71ED7389}.Debug|Any CPU.Build.0 = Debug|Any CPU
		{790A73FE-7F71-4C3A-BB0C-A02E71ED7389}.Release|Any CPU.ActiveCfg = Release|Any CPU
		{790A73FE-7F71-4C3A-BB0C-A02E71ED7389}.Release|Any CPU.Build.0 = Release|Any CPU
		{386FD0ED-A103-4ED2-84A8-D20BBC1FEC15}.Debug|Any CPU.ActiveCfg = Debug|Any CPU
		{386FD0ED-A103-4ED2-84A8-D20BBC1FEC15}.Debug|Any CPU.Build.0 = Debug|Any CPU
		{386FD0ED-A103-4ED2-84A8-D20BBC1FEC15}.Release|Any CPU.ActiveCfg = Release|Any CPU
		{386FD0ED-A103-4ED2-84A8-D20BBC1FEC15}.Release|Any CPU.Build.0 = Release|Any CPU
		{8C0B1D60-52E7-4862-9334-0653912E23A6}.Debug|Any CPU.ActiveCfg = Debug|Any CPU
		{8C0B1D60-52E7-4862-9334-0653912E23A6}.Debug|Any CPU.Build.0 = Debug|Any CPU
		{8C0B1D60-52E7-4862-9334-0653912E23A6}.Release|Any CPU.ActiveCfg = Release|Any CPU
		{8C0B1D60-52E7-4862-9334-0653912E23A6}.Release|Any CPU.Build.0 = Release|Any CPU
		{FAEA9707-529E-4FAB-A3A4-D24877A200A9}.Debug|Any CPU.ActiveCfg = Debug|Any CPU
		{FAEA9707-529E-4FAB-A3A4-D24877A200A9}.Debug|Any CPU.Build.0 = Debug|Any CPU
		{FAEA9707-529E-4FAB-A3A4-D24877A200A9}.Release|Any CPU.ActiveCfg = Release|Any CPU
		{FAEA9707-529E-4FAB-A3A4-D24877A200A9}.Release|Any CPU.Build.0 = Release|Any CPU
		{E36D86AA-C197-4A67-9DB2-B95D6D9A1807}.Debug|Any CPU.ActiveCfg = Debug|Any CPU
		{E36D86AA-C197-4A67-9DB2-B95D6D9A1807}.Debug|Any CPU.Build.0 = Debug|Any CPU
		{E36D86AA-C197-4A67-9DB2-B95D6D9A1807}.Release|Any CPU.ActiveCfg = Release|Any CPU
		{E36D86AA-C197-4A67-9DB2-B95D6D9A1807}.Release|Any CPU.Build.0 = Release|Any CPU
		{BE1A0FE5-42C5-40AE-8902-AADC6B84FBBC}.Debug|Any CPU.ActiveCfg = Debug|Any CPU
		{BE1A0FE5-42C5-40AE-8902-AADC6B84FBBC}.Debug|Any CPU.Build.0 = Debug|Any CPU
		{BE1A0FE5-42C5-40AE-8902-AADC6B84FBBC}.Release|Any CPU.ActiveCfg = Release|Any CPU
		{BE1A0FE5-42C5-40AE-8902-AADC6B84FBBC}.Release|Any CPU.Build.0 = Release|Any CPU
		{E9BDE09D-4D86-422B-9D4C-981A6B10A52B}.Debug|Any CPU.ActiveCfg = Debug|Any CPU
		{E9BDE09D-4D86-422B-9D4C-981A6B10A52B}.Debug|Any CPU.Build.0 = Debug|Any CPU
		{E9BDE09D-4D86-422B-9D4C-981A6B10A52B}.Release|Any CPU.ActiveCfg = Release|Any CPU
		{E9BDE09D-4D86-422B-9D4C-981A6B10A52B}.Release|Any CPU.Build.0 = Release|Any CPU
		{20C0A942-6B42-4CDE-86CC-B031772F04DF}.Debug|Any CPU.ActiveCfg = Debug|Any CPU
		{20C0A942-6B42-4CDE-86CC-B031772F04DF}.Debug|Any CPU.Build.0 = Debug|Any CPU
		{20C0A942-6B42-4CDE-86CC-B031772F04DF}.Release|Any CPU.ActiveCfg = Release|Any CPU
		{20C0A942-6B42-4CDE-86CC-B031772F04DF}.Release|Any CPU.Build.0 = Release|Any CPU
		{4E2D1A78-A6CE-4160-A91E-3D2777E43CBF}.Debug|Any CPU.ActiveCfg = Debug|Any CPU
		{4E2D1A78-A6CE-4160-A91E-3D2777E43CBF}.Debug|Any CPU.Build.0 = Debug|Any CPU
		{4E2D1A78-A6CE-4160-A91E-3D2777E43CBF}.Release|Any CPU.ActiveCfg = Release|Any CPU
		{4E2D1A78-A6CE-4160-A91E-3D2777E43CBF}.Release|Any CPU.Build.0 = Release|Any CPU
	EndGlobalSection
	GlobalSection(SolutionProperties) = preSolution
		HideSolutionNode = FALSE
	EndGlobalSection
	GlobalSection(ExtensibilityGlobals) = postSolution
		SolutionGuid = {FA4E7EB8-6EF4-4035-B0BF-F974E032AC9D}
	EndGlobalSection
EndGlobal
