
Microsoft Visual Studio Solution File, Format Version 12.00
# Visual Studio Version 17
VisualStudioVersion = 17.5.33516.290
MinimumVisualStudioVersion = 10.0.40219.1
Project("{9A19103F-16F7-4668-BE54-9A1E7A4F7556}") = "KernelHttpServer", "KernelHttpServer.csproj", "{3D76B1FE-9241-4C25-B11F-D72C5928F5B0}"
EndProject
Project("{9A19103F-16F7-4668-BE54-9A1E7A4F7556}") = "Skills.Memory.Sqlite", "..\..\..\dotnet\src\SemanticKernel.Skills\Skills.Memory.Sqlite\Skills.Memory.Sqlite.csproj", "{A332186B-1548-4C0C-B89D-E1028064C7AB}"
EndProject
Project("{9A19103F-16F7-4668-BE54-9A1E7A4F7556}") = "SemanticKernel", "..\..\..\dotnet\src\SemanticKernel\SemanticKernel.csproj", "{E78E6C20-22F5-4D58-9E38-8A7D5AB3740F}"
EndProject
Global
	GlobalSection(SolutionConfigurationPlatforms) = preSolution
		Debug|Any CPU = Debug|Any CPU
		Release|Any CPU = Release|Any CPU
	EndGlobalSection
	GlobalSection(ProjectConfigurationPlatforms) = postSolution
		{3D76B1FE-9241-4C25-B11F-D72C5928F5B0}.Debug|Any CPU.ActiveCfg = Debug|Any CPU
		{3D76B1FE-9241-4C25-B11F-D72C5928F5B0}.Debug|Any CPU.Build.0 = Debug|Any CPU
		{3D76B1FE-9241-4C25-B11F-D72C5928F5B0}.Release|Any CPU.ActiveCfg = Release|Any CPU
		{3D76B1FE-9241-4C25-B11F-D72C5928F5B0}.Release|Any CPU.Build.0 = Release|Any CPU
		{A332186B-1548-4C0C-B89D-E1028064C7AB}.Debug|Any CPU.ActiveCfg = Debug|Any CPU
		{A332186B-1548-4C0C-B89D-E1028064C7AB}.Debug|Any CPU.Build.0 = Debug|Any CPU
		{A332186B-1548-4C0C-B89D-E1028064C7AB}.Release|Any CPU.ActiveCfg = Release|Any CPU
		{A332186B-1548-4C0C-B89D-E1028064C7AB}.Release|Any CPU.Build.0 = Release|Any CPU
		{E78E6C20-22F5-4D58-9E38-8A7D5AB3740F}.Debug|Any CPU.ActiveCfg = Debug|Any CPU
		{E78E6C20-22F5-4D58-9E38-8A7D5AB3740F}.Debug|Any CPU.Build.0 = Debug|Any CPU
		{E78E6C20-22F5-4D58-9E38-8A7D5AB3740F}.Release|Any CPU.ActiveCfg = Release|Any CPU
		{E78E6C20-22F5-4D58-9E38-8A7D5AB3740F}.Release|Any CPU.Build.0 = Release|Any CPU
	EndGlobalSection
	GlobalSection(SolutionProperties) = preSolution
		HideSolutionNode = FALSE
	EndGlobalSection
	GlobalSection(ExtensibilityGlobals) = postSolution
		SolutionGuid = {5198A989-6E29-487A-A5E7-D252EDC726FF}
	EndGlobalSection
EndGlobal
