
Microsoft Visual Studio Solution File, Format Version 12.00
# Visual Studio Version 17
VisualStudioVersion = 17.5.33516.290
MinimumVisualStudioVersion = 10.0.40219.1
Project("{FAE04EC0-301F-11D3-BF4B-00C04F79EFBC}") = "SQLiteLibrary", "SQLiteLibrary.csproj", "{39E8FAA0-887F-40D7-B9C5-5160BFA04F69}"
EndProject
Global
	GlobalSection(SolutionConfigurationPlatforms) = preSolution
		Debug|Any CPU = Debug|Any CPU
		Release|Any CPU = Release|Any CPU
	EndGlobalSection
	GlobalSection(ProjectConfigurationPlatforms) = postSolution
		{39E8FAA0-887F-40D7-B9C5-5160BFA04F69}.Debug|Any CPU.ActiveCfg = Debug|Any CPU
		{39E8FAA0-887F-40D7-B9C5-5160BFA04F69}.Debug|Any CPU.Build.0 = Debug|Any CPU
		{39E8FAA0-887F-40D7-B9C5-5160BFA04F69}.Release|Any CPU.ActiveCfg = Release|Any CPU
		{39E8FAA0-887F-40D7-B9C5-5160BFA04F69}.Release|Any CPU.Build.0 = Release|Any CPU
	EndGlobalSection
	GlobalSection(SolutionProperties) = preSolution
		HideSolutionNode = FALSE
	EndGlobalSection
	GlobalSection(ExtensibilityGlobals) = postSolution
		SolutionGuid = {E51B8643-E9DE-4745-87ED-3D100F6434CF}
	EndGlobalSection
EndGlobal
