
Microsoft Visual Studio Solution File, Format Version 12.00
# Visual Studio Version 17
VisualStudioVersion = 17.5.33530.505
MinimumVisualStudioVersion = 10.0.40219.1
Project("{9A19103F-16F7-4668-BE54-9A1E7A4F7556}") = "CopilotChatWebApi", "CopilotChatWebApi.csproj", "{35CC3A68-E577-4B21-B94C-BF674F8FA505}"
EndProject
Global
	GlobalSection(SolutionConfigurationPlatforms) = preSolution
		Debug|Any CPU = Debug|Any CPU
		Release|Any CPU = Release|Any CPU
	EndGlobalSection
	GlobalSection(ProjectConfigurationPlatforms) = postSolution
		{35CC3A68-E577-4B21-B94C-BF674F8FA505}.Debug|Any CPU.ActiveCfg = Debug|Any CPU
		{35CC3A68-E577-4B21-B94C-BF674F8FA505}.Debug|Any CPU.Build.0 = Debug|Any CPU
		{35CC3A68-E577-4B21-B94C-BF674F8FA505}.Release|Any CPU.ActiveCfg = Release|Any CPU
		{35CC3A68-E577-4B21-B94C-BF674F8FA505}.Release|Any CPU.Build.0 = Release|Any CPU
	EndGlobalSection
	GlobalSection(SolutionProperties) = preSolution
		HideSolutionNode = FALSE
	EndGlobalSection
	GlobalSection(ExtensibilityGlobals) = postSolution
		SolutionGuid = {1F60AC39-60D2-4CD2-B2FC-71E174DDFC1A}
	EndGlobalSection
EndGlobal
