
Microsoft Visual Studio Solution File, Format Version 12.00
# Visual Studio Version 16
VisualStudioVersion = 25.0.1706.3
MinimumVisualStudioVersion = 10.0.40219.1
Project("{FAE04EC0-301F-11D3-BF4B-00C04F79EFBC}") = "Connectors.Microsoft.Ml", "Connectors.Microsoft.Ml.csproj", "{1B90F0FF-F28F-4192-B53F-791417B24C30}"
EndProject
Global
	GlobalSection(SolutionConfigurationPlatforms) = preSolution
		Debug|Any CPU = Debug|Any CPU
		Release|Any CPU = Release|Any CPU
		Publish|Any CPU = Publish|Any CPU
	EndGlobalSection
	GlobalSection(ProjectConfigurationPlatforms) = postSolution
		{1B90F0FF-F28F-4192-B53F-791417B24C30}.Debug|Any CPU.ActiveCfg = Debug|Any CPU
		{1B90F0FF-F28F-4192-B53F-791417B24C30}.Debug|Any CPU.Build.0 = Debug|Any CPU
		{1B90F0FF-F28F-4192-B53F-791417B24C30}.Release|Any CPU.ActiveCfg = Release|Any CPU
		{1B90F0FF-F28F-4192-B53F-791417B24C30}.Release|Any CPU.Build.0 = Release|Any CPU
		{1B90F0FF-F28F-4192-B53F-791417B24C30}.Publish|Any CPU.ActiveCfg = Publish|Any CPU
		{1B90F0FF-F28F-4192-B53F-791417B24C30}.Publish|Any CPU.Build.0 = Publish|Any CPU
	EndGlobalSection
	GlobalSection(SolutionProperties) = preSolution
		HideSolutionNode = FALSE
	EndGlobalSection
	GlobalSection(ExtensibilityGlobals) = postSolution
		SolutionGuid = {1E6D9AE3-0732-4CDE-8637-E3B1A174B151}
	EndGlobalSection
EndGlobal
