Microsoft Visual Studio Solution File, Format Version 12.00
# Visual Studio Version 17
VisualStudioVersion = 17.4.33213.308
MinimumVisualStudioVersion = 10.0.40219.1
Project("{9A19103F-16F7-4668-BE54-9A1E7A4F7556}") = "SemanticKernel", "src\SemanticKernel\SemanticKernel.csproj", "{A284C7EB-2248-4A75-B112-F5DCDE65410D}"
EndProject
Project("{2150E333-8FDC-42A3-9474-1A3956D46DE8}") = "src", "src", "{831DDCA2-7D2C-4C31-80DB-6BDB3E1F7AE0}"
EndProject
Project("{2150E333-8FDC-42A3-9474-1A3956D46DE8}") = "samples", "samples", "{FA3720F1-C99A-49B2-9577-A940257098BF}"
	ProjectSection(SolutionItems) = preProject
		..\samples\dotnet\Directory.Build.props = ..\samples\dotnet\Directory.Build.props
		..\samples\dotnet\Directory.Build.targets = ..\samples\dotnet\Directory.Build.targets
		..\samples\dotnet\Directory.Packages.props = ..\samples\dotnet\Directory.Packages.props
	EndProjectSection
EndProject
Project("{9A19103F-16F7-4668-BE54-9A1E7A4F7556}") = "KernelSyntaxExamples", "samples\KernelSyntaxExamples\KernelSyntaxExamples.csproj", "{47C6F821-5103-431F-B3B8-A2868A68BB78}"
EndProject
Project("{9A19103F-16F7-4668-BE54-9A1E7A4F7556}") = "MsGraphSkillsExample", "..\samples\dotnet\graph-api-skills\MsGraphSkillsExample.csproj", "{3EB61E99-C39B-4620-9482-F8DA18E48525}"
EndProject
Project("{9A19103F-16F7-4668-BE54-9A1E7A4F7556}") = "KernelHttpServer", "..\samples\dotnet\KernelHttpServer\KernelHttpServer.csproj", "{34A7F1EF-D243-4160-A413-D713FEABCD94}"
EndProject
Project("{9A19103F-16F7-4668-BE54-9A1E7A4F7556}") = "IntegrationTests", "src\IntegrationTests\IntegrationTests.csproj", "{E4B777A1-28E1-41BE-96AE-7F3EC61FD5D4}"
EndProject
Project("{9A19103F-16F7-4668-BE54-9A1E7A4F7556}") = "Skills.Document", "src\Skills\Skills.Document\Skills.Document.csproj", "{F94D1938-9DB7-4B24-9FF3-166DDFD96330}"
EndProject
Project("{9A19103F-16F7-4668-BE54-9A1E7A4F7556}") = "Skills.MsGraph", "src\Skills\Skills.MsGraph\Skills.MsGraph.csproj", "{689A5041-BAE7-448F-9BDC-4672E96249AA}"
EndProject
Project("{9A19103F-16F7-4668-BE54-9A1E7A4F7556}") = "Skills.Web", "src\Skills\Skills.Web\Skills.Web.csproj", "{EEA87FBC-4ED5-458C-ABD3-BEAEEB535BAF}"
EndProject
Project("{2150E333-8FDC-42A3-9474-1A3956D46DE8}") = "Solution Items", "Solution Items", "{158A4E5E-AEE0-4D60-83C7-8E089B2D881D}"
	ProjectSection(SolutionItems) = preProject
		..\.editorconfig = ..\.editorconfig
		..\.gitignore = ..\.gitignore
		Directory.Build.props = Directory.Build.props
		Directory.Packages.props = Directory.Packages.props
		..\.github\workflows\dotnet-format.yml = ..\.github\workflows\dotnet-format.yml
		..\nuget.config = ..\nuget.config
		..\README.md = ..\README.md
	EndProjectSection
EndProject
Project("{9A19103F-16F7-4668-BE54-9A1E7A4F7556}") = "SemanticKernel.UnitTests", "src\SemanticKernel.UnitTests\SemanticKernel.UnitTests.csproj", "{37E39C68-5A40-4E63-9D3C-0C66AD98DFCB}"
EndProject
Project("{2150E333-8FDC-42A3-9474-1A3956D46DE8}") = "skills", "skills", "{9ECD1AA0-75B3-4E25-B0B5-9F0945B64974}"
EndProject
Project("{9A19103F-16F7-4668-BE54-9A1E7A4F7556}") = "Skills.UnitTests", "src\Skills\Skills.UnitTests\Skills.UnitTests.csproj", "{107156B4-5A8B-45C7-97A2-4544D7FA19DE}"
EndProject
Project("{2150E333-8FDC-42A3-9474-1A3956D46DE8}") = "nuget", "nuget", "{F4243136-252A-4459-A7C4-EE8C056D6B0B}"
	ProjectSection(SolutionItems) = preProject
		nuget\icon.png = nuget\icon.png
		nuget\nuget-package.props = nuget\nuget-package.props
		nuget\NUGET.md = nuget\NUGET.md
	EndProjectSection
EndProject
Project("{9A19103F-16F7-4668-BE54-9A1E7A4F7556}") = "Skills.OpenAPI", "src\Skills\Skills.OpenAPI\Skills.OpenAPI.csproj", "{F2A1F81E-700E-4C0E-B021-B9EF29AA20BD}"
EndProject
Project("{2150E333-8FDC-42A3-9474-1A3956D46DE8}") = "connectors", "connectors", "{0247C2C9-86C3-45BA-8873-28B0948EDC0C}"
EndProject
Project("{9A19103F-16F7-4668-BE54-9A1E7A4F7556}") = "Connectors.UnitTests", "src\Connectors\Connectors.UnitTests\Connectors.UnitTests.csproj", "{EB3FC57F-E591-4C88-BCD5-B6A1BC635168}"
EndProject
Project("{9A19103F-16F7-4668-BE54-9A1E7A4F7556}") = "Connectors.Memory.Qdrant", "src\Connectors\Connectors.Memory.Qdrant\Connectors.Memory.Qdrant.csproj", "{5DEBAA62-F117-496A-8778-FED3604B70E2}"
EndProject
Project("{9A19103F-16F7-4668-BE54-9A1E7A4F7556}") = "Connectors.Memory.Sqlite", "src\Connectors\Connectors.Memory.Sqlite\Connectors.Memory.Sqlite.csproj", "{EC004F12-2F60-4EDD-B3CD-3A504900D929}"
EndProject
Project("{9A19103F-16F7-4668-BE54-9A1E7A4F7556}") = "Connectors.Memory.Postgres", "src\Connectors\Connectors.Memory.Postgres\Connectors.Memory.Postgres.csproj", "{C9F957FA-A70F-4A6D-8F95-23FCD7F4FB87}"
EndProject
Project("{9A19103F-16F7-4668-BE54-9A1E7A4F7556}") = "Connectors.Memory.Redis", "src\Connectors\Connectors.Memory.Redis\Connectors.Memory.Redis.csproj", "{3720F5ED-FB4D-485E-8A93-CDE60DEF0805}"
EndProject
Project("{9A19103F-16F7-4668-BE54-9A1E7A4F7556}") = "Connectors.Memory.Chroma", "src\Connectors\Connectors.Memory.Chroma\Connectors.Memory.Chroma.csproj", "{185E0CE8-C2DA-4E4C-A491-E8EB40316315}"
EndProject
Project("{9A19103F-16F7-4668-BE54-9A1E7A4F7556}") = "Connectors.AI.OpenAI", "src\Connectors\Connectors.AI.OpenAI\Connectors.AI.OpenAI.csproj", "{AFA81EB7-F869-467D-8A90-744305D80AAC}"
EndProject
Project("{9A19103F-16F7-4668-BE54-9A1E7A4F7556}") = "SemanticKernel.Abstractions", "src\SemanticKernel.Abstractions\SemanticKernel.Abstractions.csproj", "{627742DB-1E52-468A-99BD-6FF1A542D25B}"
EndProject
Project("{9A19103F-16F7-4668-BE54-9A1E7A4F7556}") = "SemanticKernel.MetaPackage", "src\SemanticKernel.MetaPackage\SemanticKernel.MetaPackage.csproj", "{E3299033-EB81-4C4C-BCD9-E8DC40937969}"
EndProject
Project("{9A19103F-16F7-4668-BE54-9A1E7A4F7556}") = "Planning.ActionPlanner", "src\Extensions\Planning.ActionPlanner\Planning.ActionPlanner.csproj", "{994BEF0B-E277-4D10-BB13-FE670D26620D}"
EndProject
Project("{2150E333-8FDC-42A3-9474-1A3956D46DE8}") = "extensions", "extensions", "{078F96B4-09E1-4E0E-B214-F71A4F4BF633}"
EndProject
Project("{9A19103F-16F7-4668-BE54-9A1E7A4F7556}") = "Extensions.UnitTests", "src\Extensions\Extensions.UnitTests\Extensions.UnitTests.csproj", "{F51017A9-15C8-472D-893C-080046D710A6}"
EndProject
Project("{9A19103F-16F7-4668-BE54-9A1E7A4F7556}") = "Planning.SequentialPlanner", "src\Extensions\Planning.SequentialPlanner\Planning.SequentialPlanner.csproj", "{A350933D-F9D5-4AD3-8C4F-B856B5020297}"
EndProject
Project("{9A19103F-16F7-4668-BE54-9A1E7A4F7556}") = "Connectors.Memory.AzureCognitiveSearch", "src\Connectors\Connectors.Memory.AzureCognitiveSearch\Connectors.Memory.AzureCognitiveSearch.csproj", "{EC3BB6D1-2FB2-4702-84C6-F791DE533ED4}"
EndProject
Project("{9A19103F-16F7-4668-BE54-9A1E7A4F7556}") = "Connectors.Memory.Pinecone", "src\Connectors\Connectors.Memory.Pinecone\Connectors.Memory.Pinecone.csproj", "{4D226C2F-AE9F-4EFB-AF2D-45C8FE5CB34E}"
EndProject
Project("{9A19103F-16F7-4668-BE54-9A1E7A4F7556}") = "Skills.Grpc", "src\Skills\Skills.Grpc\Skills.Grpc.csproj", "{E52F805C-794A-4CA9-B684-DFF358B18820}"
EndProject
Project("{9A19103F-16F7-4668-BE54-9A1E7A4F7556}") = "Connectors.AI.HuggingFace", "src\Connectors\Connectors.AI.HuggingFace\Connectors.AI.HuggingFace.csproj", "{136823BE-8665-4D57-87E0-EF41535539E2}"
EndProject
Project("{2150E333-8FDC-42A3-9474-1A3956D46DE8}") = "InternalUtilities", "InternalUtilities", "{4D3DAE63-41C6-4E1C-A35A-E77BDFC40675}"
EndProject
Project("{9A19103F-16F7-4668-BE54-9A1E7A4F7556}") = "Connectors.Memory.Weaviate", "src\Connectors\Connectors.Memory.Weaviate\Connectors.Memory.Weaviate.csproj", "{6AAB0620-33A1-4A98-A63B-6560B9BA47A4}"
EndProject
Project("{9A19103F-16F7-4668-BE54-9A1E7A4F7556}") = "OpenApiSkillsExample", "..\samples\dotnet\openapi-skills\OpenApiSkillsExample.csproj", "{4D91A3E0-C404-495B-AD4A-411C4E83CF54}"
EndProject
Project("{9A19103F-16F7-4668-BE54-9A1E7A4F7556}") = "Connectors.Memory.DuckDB", "src\Connectors\Connectors.Memory.DuckDB\Connectors.Memory.DuckDB.csproj", "{50FAE231-6F24-4779-9D02-12ABBC9A49E2}"
EndProject
Project("{2150E333-8FDC-42A3-9474-1A3956D46DE8}") = "test", "test", "{5C246969-D794-4EC3-8E8F-F90D4D166420}"
	ProjectSection(SolutionItems) = preProject
		src\InternalUtilities\test\AssertExtensions.cs = src\InternalUtilities\test\AssertExtensions.cs
		src\InternalUtilities\test\FunctionHelpers.cs = src\InternalUtilities\test\FunctionHelpers.cs
		src\InternalUtilities\test\TestInternalUtilities.props = src\InternalUtilities\test\TestInternalUtilities.props
	EndProjectSection
EndProject
Project("{2150E333-8FDC-42A3-9474-1A3956D46DE8}") = "src", "src", "{958AD708-F048-4FAF-94ED-D2F2B92748B9}"
	ProjectSection(SolutionItems) = preProject
		src\InternalUtilities\src\InternalUtilities.props = src\InternalUtilities\src\InternalUtilities.props
	EndProjectSection
EndProject
Project("{2150E333-8FDC-42A3-9474-1A3956D46DE8}") = "Diagnostics", "Diagnostics", "{29E7D971-1308-4171-9872-E8E4669A1134}"
	ProjectSection(SolutionItems) = preProject
		src\InternalUtilities\src\Diagnostics\CompilerServicesAttributes.cs = src\InternalUtilities\src\Diagnostics\CompilerServicesAttributes.cs
		src\InternalUtilities\src\Diagnostics\ExceptionExtensions.cs = src\InternalUtilities\src\Diagnostics\ExceptionExtensions.cs
		src\InternalUtilities\src\Diagnostics\HttpStatusCodeType.cs = src\InternalUtilities\src\Diagnostics\HttpStatusCodeType.cs
		src\InternalUtilities\src\Diagnostics\NullableAttributes.cs = src\InternalUtilities\src\Diagnostics\NullableAttributes.cs
		src\InternalUtilities\src\Diagnostics\Verify.cs = src\InternalUtilities\src\Diagnostics\Verify.cs
	EndProjectSection
EndProject
Project("{2150E333-8FDC-42A3-9474-1A3956D46DE8}") = "Linq", "Linq", "{B00AD427-0047-4850-BEF9-BA8237EA9D8B}"
	ProjectSection(SolutionItems) = preProject
		src\InternalUtilities\src\Linq\AsyncEnumerable.cs = src\InternalUtilities\src\Linq\AsyncEnumerable.cs
	EndProjectSection
EndProject
Project("{2150E333-8FDC-42A3-9474-1A3956D46DE8}") = "Text", "Text", "{DB950192-30F1-48B1-88D7-F43FECCA1A1C}"
	ProjectSection(SolutionItems) = preProject
		src\InternalUtilities\src\Text\Json.cs = src\InternalUtilities\src\Text\Json.cs
		src\InternalUtilities\src\Text\StringExtensions.cs = src\InternalUtilities\src\Text\StringExtensions.cs
	EndProjectSection
EndProject
Project("{2150E333-8FDC-42A3-9474-1A3956D46DE8}") = "Http", "Http", "{1C19D805-3573-4477-BF07-40180FCDE1BD}"
	ProjectSection(SolutionItems) = preProject
		src\InternalUtilities\src\Http\HttpClientProvider.cs = src\InternalUtilities\src\Http\HttpClientProvider.cs
		src\InternalUtilities\src\Http\NonDisposableHttpClientHandler.cs = src\InternalUtilities\src\Http\NonDisposableHttpClientHandler.cs
	EndProjectSection
EndProject
Project("{2150E333-8FDC-42A3-9474-1A3956D46DE8}") = "System", "System", "{3CDE10B2-AE8F-4FC4-8D55-92D4AD32E144}"
	ProjectSection(SolutionItems) = preProject
		src\InternalUtilities\src\System\EnvExtensions.cs = src\InternalUtilities\src\System\EnvExtensions.cs
	EndProjectSection
EndProject
Project("{9A19103F-16F7-4668-BE54-9A1E7A4F7556}") = "Skills.Core", "src\Skills\Skills.Core\Skills.Core.csproj", "{0D0C4DAD-E6BC-4504-AE3A-EEA4E35920C1}"
EndProject
Project("{9A19103F-16F7-4668-BE54-9A1E7A4F7556}") = "NCalcSkills", "samples\NCalcSkills\NCalcSkills.csproj", "{E6EDAB8F-3406-4DBF-9AAB-DF40DC2CA0FA}"
EndProject
Project("{9A19103F-16F7-4668-BE54-9A1E7A4F7556}") = "Connectors.AI.Oobabooga", "src\Connectors\Connectors.AI.Oobabooga\Connectors.AI.Oobabooga.csproj", "{677F1381-7830-4115-9C1A-58B282629DC6}"
EndProject
Project("{9A19103F-16F7-4668-BE54-9A1E7A4F7556}") = "Planning.StepwisePlanner", "src\Extensions\Planning.StepwisePlanner\Planning.StepwisePlanner.csproj", "{4762BCAF-E1C5-4714-B88D-E50FA333C50E}"
EndProject
Project("{9A19103F-16F7-4668-BE54-9A1E7A4F7556}") = "ApplicationInsightsExample", "samples\ApplicationInsightsExample\ApplicationInsightsExample.csproj", "{C754950A-E16C-4F96-9CC7-9328E361B5AF}"
EndProject
Project("{9A19103F-16F7-4668-BE54-9A1E7A4F7556}") = "Connectors.Memory.Kusto", "src\Connectors\Connectors.Memory.Kusto\Connectors.Memory.Kusto.csproj", "{E07608CC-D710-4655-BB9E-D22CF3CDD193}"
EndProject
Project("{FAE04EC0-301F-11D3-BF4B-00C04F79EFBC}") = "Planning.PowerShell", "src\Extensions\Planning.PowerShell\Planning.PowerShell.csproj", "{FDBF15F4-CAD5-4576-A0F0-49FF9EF3CD6B}"
EndProject
Project("{9A19103F-16F7-4668-BE54-9A1E7A4F7556}") = "TemplateEngine.PromptTemplateEngine", "src\Extensions\TemplateEngine.PromptTemplateEngine\TemplateEngine.PromptTemplateEngine.csproj", "{10E4B697-D4E8-468D-872D-49670FD150FB}"
EndProject
Project("{9A19103F-16F7-4668-BE54-9A1E7A4F7556}") = "Reliability.Polly", "src\Extensions\Reliability.Polly\Reliability.Polly.csproj", "{D4540A0F-98E3-4E70-9093-1948AE5B2AAD}"
EndProject
Project("{9A19103F-16F7-4668-BE54-9A1E7A4F7556}") = "Reliability.Basic", "src\Extensions\Reliability.Basic\Reliability.Basic.csproj", "{3DC4DBD8-20A5-4937-B4F5-BB5E24E7A567}"
EndProject
Global
	GlobalSection(SolutionConfigurationPlatforms) = preSolution
		Debug|Any CPU = Debug|Any CPU
		Publish|Any CPU = Publish|Any CPU
		Release|Any CPU = Release|Any CPU
	EndGlobalSection
	GlobalSection(ProjectConfigurationPlatforms) = postSolution
		{A284C7EB-2248-4A75-B112-F5DCDE65410D}.Debug|Any CPU.ActiveCfg = Debug|Any CPU
		{A284C7EB-2248-4A75-B112-F5DCDE65410D}.Debug|Any CPU.Build.0 = Debug|Any CPU
		{A284C7EB-2248-4A75-B112-F5DCDE65410D}.Publish|Any CPU.ActiveCfg = Publish|Any CPU
		{A284C7EB-2248-4A75-B112-F5DCDE65410D}.Publish|Any CPU.Build.0 = Publish|Any CPU
		{A284C7EB-2248-4A75-B112-F5DCDE65410D}.Release|Any CPU.ActiveCfg = Release|Any CPU
		{A284C7EB-2248-4A75-B112-F5DCDE65410D}.Release|Any CPU.Build.0 = Release|Any CPU
		{47C6F821-5103-431F-B3B8-A2868A68BB78}.Debug|Any CPU.ActiveCfg = Debug|Any CPU
		{47C6F821-5103-431F-B3B8-A2868A68BB78}.Debug|Any CPU.Build.0 = Debug|Any CPU
		{47C6F821-5103-431F-B3B8-A2868A68BB78}.Publish|Any CPU.ActiveCfg = Release|Any CPU
		{47C6F821-5103-431F-B3B8-A2868A68BB78}.Release|Any CPU.ActiveCfg = Release|Any CPU
		{47C6F821-5103-431F-B3B8-A2868A68BB78}.Release|Any CPU.Build.0 = Release|Any CPU
		{3EB61E99-C39B-4620-9482-F8DA18E48525}.Debug|Any CPU.ActiveCfg = Debug|Any CPU
		{3EB61E99-C39B-4620-9482-F8DA18E48525}.Debug|Any CPU.Build.0 = Debug|Any CPU
		{3EB61E99-C39B-4620-9482-F8DA18E48525}.Publish|Any CPU.ActiveCfg = Release|Any CPU
		{3EB61E99-C39B-4620-9482-F8DA18E48525}.Release|Any CPU.ActiveCfg = Release|Any CPU
		{3EB61E99-C39B-4620-9482-F8DA18E48525}.Release|Any CPU.Build.0 = Release|Any CPU
		{34A7F1EF-D243-4160-A413-D713FEABCD94}.Debug|Any CPU.ActiveCfg = Debug|Any CPU
		{34A7F1EF-D243-4160-A413-D713FEABCD94}.Debug|Any CPU.Build.0 = Debug|Any CPU
		{34A7F1EF-D243-4160-A413-D713FEABCD94}.Publish|Any CPU.ActiveCfg = Release|Any CPU
		{34A7F1EF-D243-4160-A413-D713FEABCD94}.Release|Any CPU.ActiveCfg = Release|Any CPU
		{34A7F1EF-D243-4160-A413-D713FEABCD94}.Release|Any CPU.Build.0 = Release|Any CPU
		{E4B777A1-28E1-41BE-96AE-7F3EC61FD5D4}.Debug|Any CPU.ActiveCfg = Debug|Any CPU
		{E4B777A1-28E1-41BE-96AE-7F3EC61FD5D4}.Debug|Any CPU.Build.0 = Debug|Any CPU
		{E4B777A1-28E1-41BE-96AE-7F3EC61FD5D4}.Publish|Any CPU.ActiveCfg = Release|Any CPU
		{E4B777A1-28E1-41BE-96AE-7F3EC61FD5D4}.Publish|Any CPU.Build.0 = Release|Any CPU
		{E4B777A1-28E1-41BE-96AE-7F3EC61FD5D4}.Release|Any CPU.ActiveCfg = Release|Any CPU
		{E4B777A1-28E1-41BE-96AE-7F3EC61FD5D4}.Release|Any CPU.Build.0 = Release|Any CPU
		{F94D1938-9DB7-4B24-9FF3-166DDFD96330}.Debug|Any CPU.ActiveCfg = Debug|Any CPU
		{F94D1938-9DB7-4B24-9FF3-166DDFD96330}.Debug|Any CPU.Build.0 = Debug|Any CPU
		{F94D1938-9DB7-4B24-9FF3-166DDFD96330}.Publish|Any CPU.ActiveCfg = Publish|Any CPU
		{F94D1938-9DB7-4B24-9FF3-166DDFD96330}.Publish|Any CPU.Build.0 = Publish|Any CPU
		{F94D1938-9DB7-4B24-9FF3-166DDFD96330}.Release|Any CPU.ActiveCfg = Release|Any CPU
		{F94D1938-9DB7-4B24-9FF3-166DDFD96330}.Release|Any CPU.Build.0 = Release|Any CPU
		{689A5041-BAE7-448F-9BDC-4672E96249AA}.Debug|Any CPU.ActiveCfg = Debug|Any CPU
		{689A5041-BAE7-448F-9BDC-4672E96249AA}.Debug|Any CPU.Build.0 = Debug|Any CPU
		{689A5041-BAE7-448F-9BDC-4672E96249AA}.Publish|Any CPU.ActiveCfg = Publish|Any CPU
		{689A5041-BAE7-448F-9BDC-4672E96249AA}.Publish|Any CPU.Build.0 = Publish|Any CPU
		{689A5041-BAE7-448F-9BDC-4672E96249AA}.Release|Any CPU.ActiveCfg = Release|Any CPU
		{689A5041-BAE7-448F-9BDC-4672E96249AA}.Release|Any CPU.Build.0 = Release|Any CPU
		{EEA87FBC-4ED5-458C-ABD3-BEAEEB535BAF}.Debug|Any CPU.ActiveCfg = Debug|Any CPU
		{EEA87FBC-4ED5-458C-ABD3-BEAEEB535BAF}.Debug|Any CPU.Build.0 = Debug|Any CPU
		{EEA87FBC-4ED5-458C-ABD3-BEAEEB535BAF}.Publish|Any CPU.ActiveCfg = Publish|Any CPU
		{EEA87FBC-4ED5-458C-ABD3-BEAEEB535BAF}.Publish|Any CPU.Build.0 = Publish|Any CPU
		{EEA87FBC-4ED5-458C-ABD3-BEAEEB535BAF}.Release|Any CPU.ActiveCfg = Release|Any CPU
		{EEA87FBC-4ED5-458C-ABD3-BEAEEB535BAF}.Release|Any CPU.Build.0 = Release|Any CPU
		{37E39C68-5A40-4E63-9D3C-0C66AD98DFCB}.Debug|Any CPU.ActiveCfg = Debug|Any CPU
		{37E39C68-5A40-4E63-9D3C-0C66AD98DFCB}.Debug|Any CPU.Build.0 = Debug|Any CPU
		{37E39C68-5A40-4E63-9D3C-0C66AD98DFCB}.Publish|Any CPU.ActiveCfg = Release|Any CPU
		{37E39C68-5A40-4E63-9D3C-0C66AD98DFCB}.Publish|Any CPU.Build.0 = Release|Any CPU
		{37E39C68-5A40-4E63-9D3C-0C66AD98DFCB}.Release|Any CPU.ActiveCfg = Release|Any CPU
		{37E39C68-5A40-4E63-9D3C-0C66AD98DFCB}.Release|Any CPU.Build.0 = Release|Any CPU
		{107156B4-5A8B-45C7-97A2-4544D7FA19DE}.Debug|Any CPU.ActiveCfg = Debug|Any CPU
		{107156B4-5A8B-45C7-97A2-4544D7FA19DE}.Debug|Any CPU.Build.0 = Debug|Any CPU
		{107156B4-5A8B-45C7-97A2-4544D7FA19DE}.Publish|Any CPU.ActiveCfg = Release|Any CPU
		{107156B4-5A8B-45C7-97A2-4544D7FA19DE}.Publish|Any CPU.Build.0 = Release|Any CPU
		{107156B4-5A8B-45C7-97A2-4544D7FA19DE}.Release|Any CPU.ActiveCfg = Release|Any CPU
		{107156B4-5A8B-45C7-97A2-4544D7FA19DE}.Release|Any CPU.Build.0 = Release|Any CPU
		{F2A1F81E-700E-4C0E-B021-B9EF29AA20BD}.Debug|Any CPU.ActiveCfg = Debug|Any CPU
		{F2A1F81E-700E-4C0E-B021-B9EF29AA20BD}.Debug|Any CPU.Build.0 = Debug|Any CPU
		{F2A1F81E-700E-4C0E-B021-B9EF29AA20BD}.Publish|Any CPU.ActiveCfg = Publish|Any CPU
		{F2A1F81E-700E-4C0E-B021-B9EF29AA20BD}.Publish|Any CPU.Build.0 = Publish|Any CPU
		{F2A1F81E-700E-4C0E-B021-B9EF29AA20BD}.Release|Any CPU.ActiveCfg = Release|Any CPU
		{F2A1F81E-700E-4C0E-B021-B9EF29AA20BD}.Release|Any CPU.Build.0 = Release|Any CPU
		{EB3FC57F-E591-4C88-BCD5-B6A1BC635168}.Debug|Any CPU.ActiveCfg = Debug|Any CPU
		{EB3FC57F-E591-4C88-BCD5-B6A1BC635168}.Debug|Any CPU.Build.0 = Debug|Any CPU
		{EB3FC57F-E591-4C88-BCD5-B6A1BC635168}.Publish|Any CPU.ActiveCfg = Release|Any CPU
		{EB3FC57F-E591-4C88-BCD5-B6A1BC635168}.Publish|Any CPU.Build.0 = Release|Any CPU
		{EB3FC57F-E591-4C88-BCD5-B6A1BC635168}.Release|Any CPU.ActiveCfg = Release|Any CPU
		{EB3FC57F-E591-4C88-BCD5-B6A1BC635168}.Release|Any CPU.Build.0 = Release|Any CPU
		{5DEBAA62-F117-496A-8778-FED3604B70E2}.Debug|Any CPU.ActiveCfg = Debug|Any CPU
		{5DEBAA62-F117-496A-8778-FED3604B70E2}.Debug|Any CPU.Build.0 = Debug|Any CPU
		{5DEBAA62-F117-496A-8778-FED3604B70E2}.Publish|Any CPU.ActiveCfg = Publish|Any CPU
		{5DEBAA62-F117-496A-8778-FED3604B70E2}.Publish|Any CPU.Build.0 = Publish|Any CPU
		{5DEBAA62-F117-496A-8778-FED3604B70E2}.Release|Any CPU.ActiveCfg = Release|Any CPU
		{5DEBAA62-F117-496A-8778-FED3604B70E2}.Release|Any CPU.Build.0 = Release|Any CPU
		{EC004F12-2F60-4EDD-B3CD-3A504900D929}.Debug|Any CPU.ActiveCfg = Debug|Any CPU
		{EC004F12-2F60-4EDD-B3CD-3A504900D929}.Debug|Any CPU.Build.0 = Debug|Any CPU
		{EC004F12-2F60-4EDD-B3CD-3A504900D929}.Publish|Any CPU.ActiveCfg = Publish|Any CPU
		{EC004F12-2F60-4EDD-B3CD-3A504900D929}.Publish|Any CPU.Build.0 = Publish|Any CPU
		{EC004F12-2F60-4EDD-B3CD-3A504900D929}.Release|Any CPU.ActiveCfg = Release|Any CPU
		{EC004F12-2F60-4EDD-B3CD-3A504900D929}.Release|Any CPU.Build.0 = Release|Any CPU
		{C9F957FA-A70F-4A6D-8F95-23FCD7F4FB87}.Debug|Any CPU.ActiveCfg = Debug|Any CPU
		{C9F957FA-A70F-4A6D-8F95-23FCD7F4FB87}.Debug|Any CPU.Build.0 = Debug|Any CPU
		{C9F957FA-A70F-4A6D-8F95-23FCD7F4FB87}.Publish|Any CPU.ActiveCfg = Publish|Any CPU
		{C9F957FA-A70F-4A6D-8F95-23FCD7F4FB87}.Publish|Any CPU.Build.0 = Publish|Any CPU
		{C9F957FA-A70F-4A6D-8F95-23FCD7F4FB87}.Release|Any CPU.ActiveCfg = Release|Any CPU
		{C9F957FA-A70F-4A6D-8F95-23FCD7F4FB87}.Release|Any CPU.Build.0 = Release|Any CPU
		{3720F5ED-FB4D-485E-8A93-CDE60DEF0805}.Debug|Any CPU.ActiveCfg = Debug|Any CPU
		{3720F5ED-FB4D-485E-8A93-CDE60DEF0805}.Debug|Any CPU.Build.0 = Debug|Any CPU
		{3720F5ED-FB4D-485E-8A93-CDE60DEF0805}.Publish|Any CPU.ActiveCfg = Publish|Any CPU
		{3720F5ED-FB4D-485E-8A93-CDE60DEF0805}.Publish|Any CPU.Build.0 = Publish|Any CPU
		{3720F5ED-FB4D-485E-8A93-CDE60DEF0805}.Release|Any CPU.ActiveCfg = Release|Any CPU
		{3720F5ED-FB4D-485E-8A93-CDE60DEF0805}.Release|Any CPU.Build.0 = Release|Any CPU
		{185E0CE8-C2DA-4E4C-A491-E8EB40316315}.Debug|Any CPU.ActiveCfg = Debug|Any CPU
		{185E0CE8-C2DA-4E4C-A491-E8EB40316315}.Debug|Any CPU.Build.0 = Debug|Any CPU
		{185E0CE8-C2DA-4E4C-A491-E8EB40316315}.Publish|Any CPU.ActiveCfg = Publish|Any CPU
		{185E0CE8-C2DA-4E4C-A491-E8EB40316315}.Publish|Any CPU.Build.0 = Publish|Any CPU
		{185E0CE8-C2DA-4E4C-A491-E8EB40316315}.Release|Any CPU.ActiveCfg = Release|Any CPU
		{185E0CE8-C2DA-4E4C-A491-E8EB40316315}.Release|Any CPU.Build.0 = Release|Any CPU
		{AFA81EB7-F869-467D-8A90-744305D80AAC}.Debug|Any CPU.ActiveCfg = Debug|Any CPU
		{AFA81EB7-F869-467D-8A90-744305D80AAC}.Debug|Any CPU.Build.0 = Debug|Any CPU
		{AFA81EB7-F869-467D-8A90-744305D80AAC}.Publish|Any CPU.ActiveCfg = Publish|Any CPU
		{AFA81EB7-F869-467D-8A90-744305D80AAC}.Publish|Any CPU.Build.0 = Publish|Any CPU
		{AFA81EB7-F869-467D-8A90-744305D80AAC}.Release|Any CPU.ActiveCfg = Release|Any CPU
		{AFA81EB7-F869-467D-8A90-744305D80AAC}.Release|Any CPU.Build.0 = Release|Any CPU
		{627742DB-1E52-468A-99BD-6FF1A542D25B}.Debug|Any CPU.ActiveCfg = Debug|Any CPU
		{627742DB-1E52-468A-99BD-6FF1A542D25B}.Debug|Any CPU.Build.0 = Debug|Any CPU
		{627742DB-1E52-468A-99BD-6FF1A542D25B}.Publish|Any CPU.ActiveCfg = Publish|Any CPU
		{627742DB-1E52-468A-99BD-6FF1A542D25B}.Publish|Any CPU.Build.0 = Publish|Any CPU
		{627742DB-1E52-468A-99BD-6FF1A542D25B}.Release|Any CPU.ActiveCfg = Release|Any CPU
		{627742DB-1E52-468A-99BD-6FF1A542D25B}.Release|Any CPU.Build.0 = Release|Any CPU
		{E3299033-EB81-4C4C-BCD9-E8DC40937969}.Debug|Any CPU.ActiveCfg = Debug|Any CPU
		{E3299033-EB81-4C4C-BCD9-E8DC40937969}.Debug|Any CPU.Build.0 = Debug|Any CPU
		{E3299033-EB81-4C4C-BCD9-E8DC40937969}.Publish|Any CPU.ActiveCfg = Publish|Any CPU
		{E3299033-EB81-4C4C-BCD9-E8DC40937969}.Publish|Any CPU.Build.0 = Publish|Any CPU
		{E3299033-EB81-4C4C-BCD9-E8DC40937969}.Release|Any CPU.ActiveCfg = Release|Any CPU
		{E3299033-EB81-4C4C-BCD9-E8DC40937969}.Release|Any CPU.Build.0 = Release|Any CPU
		{994BEF0B-E277-4D10-BB13-FE670D26620D}.Debug|Any CPU.ActiveCfg = Debug|Any CPU
		{994BEF0B-E277-4D10-BB13-FE670D26620D}.Debug|Any CPU.Build.0 = Debug|Any CPU
		{994BEF0B-E277-4D10-BB13-FE670D26620D}.Publish|Any CPU.ActiveCfg = Publish|Any CPU
		{994BEF0B-E277-4D10-BB13-FE670D26620D}.Publish|Any CPU.Build.0 = Publish|Any CPU
		{994BEF0B-E277-4D10-BB13-FE670D26620D}.Release|Any CPU.ActiveCfg = Release|Any CPU
		{994BEF0B-E277-4D10-BB13-FE670D26620D}.Release|Any CPU.Build.0 = Release|Any CPU
		{F51017A9-15C8-472D-893C-080046D710A6}.Debug|Any CPU.ActiveCfg = Debug|Any CPU
		{F51017A9-15C8-472D-893C-080046D710A6}.Debug|Any CPU.Build.0 = Debug|Any CPU
		{F51017A9-15C8-472D-893C-080046D710A6}.Publish|Any CPU.ActiveCfg = Release|Any CPU
		{F51017A9-15C8-472D-893C-080046D710A6}.Publish|Any CPU.Build.0 = Release|Any CPU
		{F51017A9-15C8-472D-893C-080046D710A6}.Release|Any CPU.ActiveCfg = Release|Any CPU
		{F51017A9-15C8-472D-893C-080046D710A6}.Release|Any CPU.Build.0 = Release|Any CPU
		{A350933D-F9D5-4AD3-8C4F-B856B5020297}.Debug|Any CPU.ActiveCfg = Debug|Any CPU
		{A350933D-F9D5-4AD3-8C4F-B856B5020297}.Debug|Any CPU.Build.0 = Debug|Any CPU
		{A350933D-F9D5-4AD3-8C4F-B856B5020297}.Publish|Any CPU.ActiveCfg = Publish|Any CPU
		{A350933D-F9D5-4AD3-8C4F-B856B5020297}.Publish|Any CPU.Build.0 = Publish|Any CPU
		{A350933D-F9D5-4AD3-8C4F-B856B5020297}.Release|Any CPU.ActiveCfg = Release|Any CPU
		{A350933D-F9D5-4AD3-8C4F-B856B5020297}.Release|Any CPU.Build.0 = Release|Any CPU
		{EC3BB6D1-2FB2-4702-84C6-F791DE533ED4}.Debug|Any CPU.ActiveCfg = Debug|Any CPU
		{EC3BB6D1-2FB2-4702-84C6-F791DE533ED4}.Debug|Any CPU.Build.0 = Debug|Any CPU
		{EC3BB6D1-2FB2-4702-84C6-F791DE533ED4}.Publish|Any CPU.ActiveCfg = Publish|Any CPU
		{EC3BB6D1-2FB2-4702-84C6-F791DE533ED4}.Publish|Any CPU.Build.0 = Publish|Any CPU
		{EC3BB6D1-2FB2-4702-84C6-F791DE533ED4}.Release|Any CPU.ActiveCfg = Release|Any CPU
		{EC3BB6D1-2FB2-4702-84C6-F791DE533ED4}.Release|Any CPU.Build.0 = Release|Any CPU
		{4D226C2F-AE9F-4EFB-AF2D-45C8FE5CB34E}.Debug|Any CPU.ActiveCfg = Debug|Any CPU
		{4D226C2F-AE9F-4EFB-AF2D-45C8FE5CB34E}.Debug|Any CPU.Build.0 = Debug|Any CPU
		{4D226C2F-AE9F-4EFB-AF2D-45C8FE5CB34E}.Publish|Any CPU.ActiveCfg = Publish|Any CPU
		{4D226C2F-AE9F-4EFB-AF2D-45C8FE5CB34E}.Publish|Any CPU.Build.0 = Publish|Any CPU
		{4D226C2F-AE9F-4EFB-AF2D-45C8FE5CB34E}.Release|Any CPU.ActiveCfg = Release|Any CPU
		{4D226C2F-AE9F-4EFB-AF2D-45C8FE5CB34E}.Release|Any CPU.Build.0 = Release|Any CPU
		{E52F805C-794A-4CA9-B684-DFF358B18820}.Debug|Any CPU.ActiveCfg = Debug|Any CPU
		{E52F805C-794A-4CA9-B684-DFF358B18820}.Debug|Any CPU.Build.0 = Debug|Any CPU
		{E52F805C-794A-4CA9-B684-DFF358B18820}.Publish|Any CPU.ActiveCfg = Publish|Any CPU
		{E52F805C-794A-4CA9-B684-DFF358B18820}.Publish|Any CPU.Build.0 = Publish|Any CPU
		{E52F805C-794A-4CA9-B684-DFF358B18820}.Release|Any CPU.ActiveCfg = Release|Any CPU
		{E52F805C-794A-4CA9-B684-DFF358B18820}.Release|Any CPU.Build.0 = Release|Any CPU
		{136823BE-8665-4D57-87E0-EF41535539E2}.Debug|Any CPU.ActiveCfg = Debug|Any CPU
		{136823BE-8665-4D57-87E0-EF41535539E2}.Debug|Any CPU.Build.0 = Debug|Any CPU
		{136823BE-8665-4D57-87E0-EF41535539E2}.Publish|Any CPU.ActiveCfg = Publish|Any CPU
		{136823BE-8665-4D57-87E0-EF41535539E2}.Publish|Any CPU.Build.0 = Publish|Any CPU
		{136823BE-8665-4D57-87E0-EF41535539E2}.Release|Any CPU.ActiveCfg = Release|Any CPU
		{136823BE-8665-4D57-87E0-EF41535539E2}.Release|Any CPU.Build.0 = Release|Any CPU
		{6AAB0620-33A1-4A98-A63B-6560B9BA47A4}.Debug|Any CPU.ActiveCfg = Debug|Any CPU
		{6AAB0620-33A1-4A98-A63B-6560B9BA47A4}.Debug|Any CPU.Build.0 = Debug|Any CPU
		{6AAB0620-33A1-4A98-A63B-6560B9BA47A4}.Publish|Any CPU.ActiveCfg = Publish|Any CPU
		{6AAB0620-33A1-4A98-A63B-6560B9BA47A4}.Publish|Any CPU.Build.0 = Publish|Any CPU
		{6AAB0620-33A1-4A98-A63B-6560B9BA47A4}.Release|Any CPU.ActiveCfg = Release|Any CPU
		{6AAB0620-33A1-4A98-A63B-6560B9BA47A4}.Release|Any CPU.Build.0 = Release|Any CPU
		{4D91A3E0-C404-495B-AD4A-411C4E83CF54}.Debug|Any CPU.ActiveCfg = Debug|Any CPU
		{4D91A3E0-C404-495B-AD4A-411C4E83CF54}.Debug|Any CPU.Build.0 = Debug|Any CPU
		{4D91A3E0-C404-495B-AD4A-411C4E83CF54}.Publish|Any CPU.ActiveCfg = Release|Any CPU
		{4D91A3E0-C404-495B-AD4A-411C4E83CF54}.Release|Any CPU.ActiveCfg = Release|Any CPU
		{4D91A3E0-C404-495B-AD4A-411C4E83CF54}.Release|Any CPU.Build.0 = Release|Any CPU
		{50FAE231-6F24-4779-9D02-12ABBC9A49E2}.Debug|Any CPU.ActiveCfg = Debug|Any CPU
		{50FAE231-6F24-4779-9D02-12ABBC9A49E2}.Debug|Any CPU.Build.0 = Debug|Any CPU
		{50FAE231-6F24-4779-9D02-12ABBC9A49E2}.Publish|Any CPU.ActiveCfg = Publish|Any CPU
		{50FAE231-6F24-4779-9D02-12ABBC9A49E2}.Publish|Any CPU.Build.0 = Publish|Any CPU
		{50FAE231-6F24-4779-9D02-12ABBC9A49E2}.Release|Any CPU.ActiveCfg = Release|Any CPU
		{50FAE231-6F24-4779-9D02-12ABBC9A49E2}.Release|Any CPU.Build.0 = Release|Any CPU
		{0D0C4DAD-E6BC-4504-AE3A-EEA4E35920C1}.Debug|Any CPU.ActiveCfg = Debug|Any CPU
		{0D0C4DAD-E6BC-4504-AE3A-EEA4E35920C1}.Debug|Any CPU.Build.0 = Debug|Any CPU
		{0D0C4DAD-E6BC-4504-AE3A-EEA4E35920C1}.Publish|Any CPU.ActiveCfg = Publish|Any CPU
		{0D0C4DAD-E6BC-4504-AE3A-EEA4E35920C1}.Publish|Any CPU.Build.0 = Publish|Any CPU
		{0D0C4DAD-E6BC-4504-AE3A-EEA4E35920C1}.Release|Any CPU.ActiveCfg = Release|Any CPU
		{0D0C4DAD-E6BC-4504-AE3A-EEA4E35920C1}.Release|Any CPU.Build.0 = Release|Any CPU
		{E6EDAB8F-3406-4DBF-9AAB-DF40DC2CA0FA}.Debug|Any CPU.ActiveCfg = Debug|Any CPU
		{E6EDAB8F-3406-4DBF-9AAB-DF40DC2CA0FA}.Debug|Any CPU.Build.0 = Debug|Any CPU
		{E6EDAB8F-3406-4DBF-9AAB-DF40DC2CA0FA}.Publish|Any CPU.ActiveCfg = Release|Any CPU
		{E6EDAB8F-3406-4DBF-9AAB-DF40DC2CA0FA}.Release|Any CPU.ActiveCfg = Release|Any CPU
		{E6EDAB8F-3406-4DBF-9AAB-DF40DC2CA0FA}.Release|Any CPU.Build.0 = Release|Any CPU
		{677F1381-7830-4115-9C1A-58B282629DC6}.Debug|Any CPU.ActiveCfg = Debug|Any CPU
		{677F1381-7830-4115-9C1A-58B282629DC6}.Debug|Any CPU.Build.0 = Debug|Any CPU
		{677F1381-7830-4115-9C1A-58B282629DC6}.Publish|Any CPU.ActiveCfg = Publish|Any CPU
		{677F1381-7830-4115-9C1A-58B282629DC6}.Publish|Any CPU.Build.0 = Publish|Any CPU
		{677F1381-7830-4115-9C1A-58B282629DC6}.Release|Any CPU.ActiveCfg = Release|Any CPU
		{677F1381-7830-4115-9C1A-58B282629DC6}.Release|Any CPU.Build.0 = Release|Any CPU
		{4762BCAF-E1C5-4714-B88D-E50FA333C50E}.Debug|Any CPU.ActiveCfg = Debug|Any CPU
		{4762BCAF-E1C5-4714-B88D-E50FA333C50E}.Debug|Any CPU.Build.0 = Debug|Any CPU
		{4762BCAF-E1C5-4714-B88D-E50FA333C50E}.Publish|Any CPU.ActiveCfg = Publish|Any CPU
		{4762BCAF-E1C5-4714-B88D-E50FA333C50E}.Publish|Any CPU.Build.0 = Publish|Any CPU
		{4762BCAF-E1C5-4714-B88D-E50FA333C50E}.Release|Any CPU.ActiveCfg = Release|Any CPU
		{4762BCAF-E1C5-4714-B88D-E50FA333C50E}.Release|Any CPU.Build.0 = Release|Any CPU
		{C754950A-E16C-4F96-9CC7-9328E361B5AF}.Debug|Any CPU.ActiveCfg = Debug|Any CPU
		{C754950A-E16C-4F96-9CC7-9328E361B5AF}.Debug|Any CPU.Build.0 = Debug|Any CPU
		{C754950A-E16C-4F96-9CC7-9328E361B5AF}.Publish|Any CPU.ActiveCfg = Release|Any CPU
		{C754950A-E16C-4F96-9CC7-9328E361B5AF}.Release|Any CPU.ActiveCfg = Release|Any CPU
		{C754950A-E16C-4F96-9CC7-9328E361B5AF}.Release|Any CPU.Build.0 = Release|Any CPU
		{E07608CC-D710-4655-BB9E-D22CF3CDD193}.Debug|Any CPU.ActiveCfg = Debug|Any CPU
		{E07608CC-D710-4655-BB9E-D22CF3CDD193}.Debug|Any CPU.Build.0 = Debug|Any CPU
		{E07608CC-D710-4655-BB9E-D22CF3CDD193}.Publish|Any CPU.ActiveCfg = Debug|Any CPU
		{E07608CC-D710-4655-BB9E-D22CF3CDD193}.Publish|Any CPU.Build.0 = Debug|Any CPU
		{E07608CC-D710-4655-BB9E-D22CF3CDD193}.Release|Any CPU.ActiveCfg = Release|Any CPU
		{E07608CC-D710-4655-BB9E-D22CF3CDD193}.Release|Any CPU.Build.0 = Release|Any CPU
		{FDBF15F4-CAD5-4576-A0F0-49FF9EF3CD6B}.Debug|Any CPU.ActiveCfg = Debug|Any CPU
		{FDBF15F4-CAD5-4576-A0F0-49FF9EF3CD6B}.Debug|Any CPU.Build.0 = Debug|Any CPU
		{FDBF15F4-CAD5-4576-A0F0-49FF9EF3CD6B}.Publish|Any CPU.ActiveCfg = Debug|Any CPU
		{FDBF15F4-CAD5-4576-A0F0-49FF9EF3CD6B}.Publish|Any CPU.Build.0 = Debug|Any CPU
		{FDBF15F4-CAD5-4576-A0F0-49FF9EF3CD6B}.Release|Any CPU.ActiveCfg = Release|Any CPU
		{FDBF15F4-CAD5-4576-A0F0-49FF9EF3CD6B}.Release|Any CPU.Build.0 = Release|Any CPU
		{10E4B697-D4E8-468D-872D-49670FD150FB}.Debug|Any CPU.ActiveCfg = Debug|Any CPU
		{10E4B697-D4E8-468D-872D-49670FD150FB}.Debug|Any CPU.Build.0 = Debug|Any CPU
		{10E4B697-D4E8-468D-872D-49670FD150FB}.Publish|Any CPU.ActiveCfg = Publish|Any CPU
		{10E4B697-D4E8-468D-872D-49670FD150FB}.Publish|Any CPU.Build.0 = Publish|Any CPU
		{10E4B697-D4E8-468D-872D-49670FD150FB}.Release|Any CPU.ActiveCfg = Release|Any CPU
		{10E4B697-D4E8-468D-872D-49670FD150FB}.Release|Any CPU.Build.0 = Release|Any CPU
		{D4540A0F-98E3-4E70-9093-1948AE5B2AAD}.Debug|Any CPU.ActiveCfg = Debug|Any CPU
		{D4540A0F-98E3-4E70-9093-1948AE5B2AAD}.Debug|Any CPU.Build.0 = Debug|Any CPU
		{D4540A0F-98E3-4E70-9093-1948AE5B2AAD}.Publish|Any CPU.ActiveCfg = Publish|Any CPU
		{D4540A0F-98E3-4E70-9093-1948AE5B2AAD}.Publish|Any CPU.Build.0 = Publish|Any CPU
		{D4540A0F-98E3-4E70-9093-1948AE5B2AAD}.Release|Any CPU.ActiveCfg = Release|Any CPU
		{D4540A0F-98E3-4E70-9093-1948AE5B2AAD}.Release|Any CPU.Build.0 = Release|Any CPU
		{3DC4DBD8-20A5-4937-B4F5-BB5E24E7A567}.Debug|Any CPU.ActiveCfg = Debug|Any CPU
		{3DC4DBD8-20A5-4937-B4F5-BB5E24E7A567}.Debug|Any CPU.Build.0 = Debug|Any CPU
		{3DC4DBD8-20A5-4937-B4F5-BB5E24E7A567}.Publish|Any CPU.ActiveCfg = Publish|Any CPU
		{3DC4DBD8-20A5-4937-B4F5-BB5E24E7A567}.Publish|Any CPU.Build.0 = Publish|Any CPU
		{3DC4DBD8-20A5-4937-B4F5-BB5E24E7A567}.Release|Any CPU.ActiveCfg = Release|Any CPU
		{3DC4DBD8-20A5-4937-B4F5-BB5E24E7A567}.Release|Any CPU.Build.0 = Release|Any CPU
	EndGlobalSection
	GlobalSection(SolutionProperties) = preSolution
		HideSolutionNode = FALSE
	EndGlobalSection
	GlobalSection(NestedProjects) = preSolution
		{A284C7EB-2248-4A75-B112-F5DCDE65410D} = {831DDCA2-7D2C-4C31-80DB-6BDB3E1F7AE0}
		{47C6F821-5103-431F-B3B8-A2868A68BB78} = {FA3720F1-C99A-49B2-9577-A940257098BF}
		{3EB61E99-C39B-4620-9482-F8DA18E48525} = {FA3720F1-C99A-49B2-9577-A940257098BF}
		{34A7F1EF-D243-4160-A413-D713FEABCD94} = {FA3720F1-C99A-49B2-9577-A940257098BF}
		{E4B777A1-28E1-41BE-96AE-7F3EC61FD5D4} = {831DDCA2-7D2C-4C31-80DB-6BDB3E1F7AE0}
		{F94D1938-9DB7-4B24-9FF3-166DDFD96330} = {9ECD1AA0-75B3-4E25-B0B5-9F0945B64974}
		{689A5041-BAE7-448F-9BDC-4672E96249AA} = {9ECD1AA0-75B3-4E25-B0B5-9F0945B64974}
		{EEA87FBC-4ED5-458C-ABD3-BEAEEB535BAF} = {9ECD1AA0-75B3-4E25-B0B5-9F0945B64974}
		{37E39C68-5A40-4E63-9D3C-0C66AD98DFCB} = {831DDCA2-7D2C-4C31-80DB-6BDB3E1F7AE0}
		{9ECD1AA0-75B3-4E25-B0B5-9F0945B64974} = {831DDCA2-7D2C-4C31-80DB-6BDB3E1F7AE0}
		{107156B4-5A8B-45C7-97A2-4544D7FA19DE} = {9ECD1AA0-75B3-4E25-B0B5-9F0945B64974}
		{F4243136-252A-4459-A7C4-EE8C056D6B0B} = {158A4E5E-AEE0-4D60-83C7-8E089B2D881D}
		{F2A1F81E-700E-4C0E-B021-B9EF29AA20BD} = {9ECD1AA0-75B3-4E25-B0B5-9F0945B64974}
		{0247C2C9-86C3-45BA-8873-28B0948EDC0C} = {831DDCA2-7D2C-4C31-80DB-6BDB3E1F7AE0}
		{EB3FC57F-E591-4C88-BCD5-B6A1BC635168} = {0247C2C9-86C3-45BA-8873-28B0948EDC0C}
		{5DEBAA62-F117-496A-8778-FED3604B70E2} = {0247C2C9-86C3-45BA-8873-28B0948EDC0C}
		{EC004F12-2F60-4EDD-B3CD-3A504900D929} = {0247C2C9-86C3-45BA-8873-28B0948EDC0C}
		{C9F957FA-A70F-4A6D-8F95-23FCD7F4FB87} = {0247C2C9-86C3-45BA-8873-28B0948EDC0C}
		{3720F5ED-FB4D-485E-8A93-CDE60DEF0805} = {0247C2C9-86C3-45BA-8873-28B0948EDC0C}
		{185E0CE8-C2DA-4E4C-A491-E8EB40316315} = {0247C2C9-86C3-45BA-8873-28B0948EDC0C}
		{AFA81EB7-F869-467D-8A90-744305D80AAC} = {0247C2C9-86C3-45BA-8873-28B0948EDC0C}
		{627742DB-1E52-468A-99BD-6FF1A542D25B} = {831DDCA2-7D2C-4C31-80DB-6BDB3E1F7AE0}
		{E3299033-EB81-4C4C-BCD9-E8DC40937969} = {831DDCA2-7D2C-4C31-80DB-6BDB3E1F7AE0}
		{994BEF0B-E277-4D10-BB13-FE670D26620D} = {078F96B4-09E1-4E0E-B214-F71A4F4BF633}
		{078F96B4-09E1-4E0E-B214-F71A4F4BF633} = {831DDCA2-7D2C-4C31-80DB-6BDB3E1F7AE0}
		{F51017A9-15C8-472D-893C-080046D710A6} = {078F96B4-09E1-4E0E-B214-F71A4F4BF633}
		{A350933D-F9D5-4AD3-8C4F-B856B5020297} = {078F96B4-09E1-4E0E-B214-F71A4F4BF633}
		{EC3BB6D1-2FB2-4702-84C6-F791DE533ED4} = {0247C2C9-86C3-45BA-8873-28B0948EDC0C}
		{4D226C2F-AE9F-4EFB-AF2D-45C8FE5CB34E} = {0247C2C9-86C3-45BA-8873-28B0948EDC0C}
		{E52F805C-794A-4CA9-B684-DFF358B18820} = {9ECD1AA0-75B3-4E25-B0B5-9F0945B64974}
		{136823BE-8665-4D57-87E0-EF41535539E2} = {0247C2C9-86C3-45BA-8873-28B0948EDC0C}
		{4D3DAE63-41C6-4E1C-A35A-E77BDFC40675} = {831DDCA2-7D2C-4C31-80DB-6BDB3E1F7AE0}
		{6AAB0620-33A1-4A98-A63B-6560B9BA47A4} = {0247C2C9-86C3-45BA-8873-28B0948EDC0C}
		{4D91A3E0-C404-495B-AD4A-411C4E83CF54} = {FA3720F1-C99A-49B2-9577-A940257098BF}
		{50FAE231-6F24-4779-9D02-12ABBC9A49E2} = {0247C2C9-86C3-45BA-8873-28B0948EDC0C}
		{5C246969-D794-4EC3-8E8F-F90D4D166420} = {4D3DAE63-41C6-4E1C-A35A-E77BDFC40675}
		{958AD708-F048-4FAF-94ED-D2F2B92748B9} = {4D3DAE63-41C6-4E1C-A35A-E77BDFC40675}
		{29E7D971-1308-4171-9872-E8E4669A1134} = {958AD708-F048-4FAF-94ED-D2F2B92748B9}
		{B00AD427-0047-4850-BEF9-BA8237EA9D8B} = {958AD708-F048-4FAF-94ED-D2F2B92748B9}
		{DB950192-30F1-48B1-88D7-F43FECCA1A1C} = {958AD708-F048-4FAF-94ED-D2F2B92748B9}
		{1C19D805-3573-4477-BF07-40180FCDE1BD} = {958AD708-F048-4FAF-94ED-D2F2B92748B9}
		{3CDE10B2-AE8F-4FC4-8D55-92D4AD32E144} = {958AD708-F048-4FAF-94ED-D2F2B92748B9}
		{0D0C4DAD-E6BC-4504-AE3A-EEA4E35920C1} = {9ECD1AA0-75B3-4E25-B0B5-9F0945B64974}
		{E6EDAB8F-3406-4DBF-9AAB-DF40DC2CA0FA} = {FA3720F1-C99A-49B2-9577-A940257098BF}
		{677F1381-7830-4115-9C1A-58B282629DC6} = {0247C2C9-86C3-45BA-8873-28B0948EDC0C}
		{4762BCAF-E1C5-4714-B88D-E50FA333C50E} = {078F96B4-09E1-4E0E-B214-F71A4F4BF633}
		{C754950A-E16C-4F96-9CC7-9328E361B5AF} = {FA3720F1-C99A-49B2-9577-A940257098BF}
		{E07608CC-D710-4655-BB9E-D22CF3CDD193} = {0247C2C9-86C3-45BA-8873-28B0948EDC0C}
		{FDBF15F4-CAD5-4576-A0F0-49FF9EF3CD6B} = {078F96B4-09E1-4E0E-B214-F71A4F4BF633}
		{10E4B697-D4E8-468D-872D-49670FD150FB} = {078F96B4-09E1-4E0E-B214-F71A4F4BF633}
		{D4540A0F-98E3-4E70-9093-1948AE5B2AAD} = {078F96B4-09E1-4E0E-B214-F71A4F4BF633}
		{3DC4DBD8-20A5-4937-B4F5-BB5E24E7A567} = {078F96B4-09E1-4E0E-B214-F71A4F4BF633}
	EndGlobalSection
	GlobalSection(ExtensibilityGlobals) = postSolution
		SolutionGuid = {FBDC56A3-86AD-4323-AA0F-201E59123B83}
	EndGlobalSection
EndGlobal
