Microsoft Visual Studio Solution File, Format Version 12.00
# Visual Studio Version 17
VisualStudioVersion = 17.5.2.0
MinimumVisualStudioVersion = 10.0.40219.1
Project("{FAE04EC0-301F-11D3-BF4B-00C04F79EFBC}") = "VoiceChat", "VoiceChat.csproj", "{39FA2091-D1DA-6DFD-03A3-A0C6781B9BDD}"
EndProject
Global
	GlobalSection(SolutionConfigurationPlatforms) = preSolution
		Debug|Any CPU = Debug|Any CPU
		Release|Any CPU = Release|Any CPU
	EndGlobalSection
	GlobalSection(ProjectConfigurationPlatforms) = postSolution
		{39FA2091-D1DA-6DFD-03A3-A0C6781B9BDD}.Debug|Any CPU.ActiveCfg = Debug|Any CPU
		{39FA2091-D1DA-6DFD-03A3-A0C6781B9BDD}.Debug|Any CPU.Build.0 = Debug|Any CPU
		{39FA2091-D1DA-6DFD-03A3-A0C6781B9BDD}.Release|Any CPU.ActiveCfg = Release|Any CPU
		{39FA2091-D1DA-6DFD-03A3-A0C6781B9BDD}.Release|Any CPU.Build.0 = Release|Any CPU
	EndGlobalSection
	GlobalSection(SolutionProperties) = preSolution
		HideSolutionNode = FALSE
	EndGlobalSection
	GlobalSection(ExtensibilityGlobals) = postSolution
		SolutionGuid = {7B98B6CB-A086-44A8-83BE-0FC651A5CB8E}
	EndGlobalSection
EndGlobal
