
Microsoft Visual Studio Solution File, Format Version 12.00
# Visual Studio Version 17
VisualStudioVersion = 17.5.002.0
MinimumVisualStudioVersion = 10.0.40219.1
Project("{9A19103F-16F7-4668-BE54-9A1E7A4F7556}") = "SemanticKernel.Core", "SemanticKernel.Core\SemanticKernel.Core.csproj", "{8A76BE18-0615-4486-95BA-18F6057A1E1C}"
EndProject
Project("{9A19103F-16F7-4668-BE54-9A1E7A4F7556}") = "SemanticKernel.UnitTests", "SemanticKernel.UnitTests\SemanticKernel.UnitTests.csproj", "{4F6FC638-98E9-4F35-BB56-106B54DDE0DD}"
EndProject
Project("{9A19103F-16F7-4668-BE54-9A1E7A4F7556}") = "IntegrationTests", "IntegrationTests\IntegrationTests.csproj", "{7C16C618-513D-4C15-974C-F76492370FAB}"
EndProject
Project("{9A19103F-16F7-4668-BE54-9A1E7A4F7556}") = "SemanticKernel.Abstractions", "SemanticKernel.Abstractions\SemanticKernel.Abstractions.csproj", "{BB777FB9-7C29-4A84-B15B-61A552FAC337}"
EndProject
Project("{9A19103F-16F7-4668-BE54-9A1E7A4F7556}") = "SemanticKernel.MetaPackage", "SemanticKernel.MetaPackage\SemanticKernel.MetaPackage.csproj", "{4EFA4E65-B4E1-4C5F-84C1-F083F482E89F}"
EndProject
Project("{2150E333-8FDC-42A3-9474-1A3956D46DE8}") = "Connectors", "Connectors", "{C11C0EEE-339D-41D3-89FE-460E316F9795}"
EndProject
Project("{9A19103F-16F7-4668-BE54-9A1E7A4F7556}") = "Connectors.Memory.Weaviate", "Connectors\Connectors.Memory.Weaviate\Connectors.Memory.Weaviate.csproj", "{430F941A-3BA5-495D-BE18-846406B3A764}"
EndProject
Project("{9A19103F-16F7-4668-BE54-9A1E7A4F7556}") = "Connectors.AI.HuggingFace", "Connectors\Connectors.AI.HuggingFace\Connectors.AI.HuggingFace.csproj", "{4EF63A6A-F070-4355-BC38-297BA99D51D8}"
EndProject
Project("{9A19103F-16F7-4668-BE54-9A1E7A4F7556}") = "Connectors.UnitTests", "Connectors\Connectors.UnitTests\Connectors.UnitTests.csproj", "{044141E5-01E5-4768-B337-2752F6E4F943}"
EndProject
Project("{9A19103F-16F7-4668-BE54-9A1E7A4F7556}") = "Connectors.Memory.Milvus", "Connectors\Connectors.Memory.Milvus\Connectors.Memory.Milvus.csproj", "{F03AD79C-54AF-4CB1-9FA3-EBA411F26E6E}"
EndProject
Project("{9A19103F-16F7-4668-BE54-9A1E7A4F7556}") = "Connectors.Memory.Pinecone", "Connectors\Connectors.Memory.Pinecone\Connectors.Memory.Pinecone.csproj", "{E57F2E67-41AF-4980-94F8-0BEE154A17F8}"
EndProject
Project("{9A19103F-16F7-4668-BE54-9A1E7A4F7556}") = "Connectors.Memory.Postgres", "Connectors\Connectors.Memory.Postgres\Connectors.Memory.Postgres.csproj", "{6590BE96-3CFD-4E6A-A01F-4C6399E8C5A4}"
EndProject
Project("{9A19103F-16F7-4668-BE54-9A1E7A4F7556}") = "Connectors.Memory.DuckDB", "Connectors\Connectors.Memory.DuckDB\Connectors.Memory.DuckDB.csproj", "{7439E4BF-EE7B-4C28-8F70-4E0328F1AADB}"
EndProject
Project("{9A19103F-16F7-4668-BE54-9A1E7A4F7556}") = "Connectors.Memory.Qdrant", "Connectors\Connectors.Memory.Qdrant\Connectors.Memory.Qdrant.csproj", "{A2E0B968-6191-4AD6-A510-2606BDA91E05}"
EndProject
Project("{9A19103F-16F7-4668-BE54-9A1E7A4F7556}") = "Connectors.Memory.Sqlite", "Connectors\Connectors.Memory.Sqlite\Connectors.Memory.Sqlite.csproj", "{88EB9E6B-22BF-41C0-AFCB-5A2E69004ECF}"
EndProject
Project("{9A19103F-16F7-4668-BE54-9A1E7A4F7556}") = "Connectors.Memory.Redis", "Connectors\Connectors.Memory.Redis\Connectors.Memory.Redis.csproj", "{AEA1E74C-E7FF-48CF-AD46-43E41D709B09}"
EndProject
Project("{9A19103F-16F7-4668-BE54-9A1E7A4F7556}") = "Connectors.AI.OpenAI", "Connectors\Connectors.AI.OpenAI\Connectors.AI.OpenAI.csproj", "{CDC1B3A6-3EE1-4B94-9B9A-6FF9C4456A95}"
EndProject
Project("{9A19103F-16F7-4668-BE54-9A1E7A4F7556}") = "Connectors.Memory.Kusto", "Connectors\Connectors.Memory.Kusto\Connectors.Memory.Kusto.csproj", "{69AE7C77-E696-4A56-82BB-49EE11FF56A7}"
EndProject
Project("{9A19103F-16F7-4668-BE54-9A1E7A4F7556}") = "Connectors.Memory.MongoDB", "Connectors\Connectors.Memory.MongoDB\Connectors.Memory.MongoDB.csproj", "{0B0BACF6-DD33-4648-A43F-3A41FD2925DB}"
EndProject
Project("{9A19103F-16F7-4668-BE54-9A1E7A4F7556}") = "Connectors.Memory.AzureCosmosDBMongoDB", "Connectors\Connectors.Memory.AzureCosmosDBMongoDB\Connectors.Memory.AzureCosmosDBMongoDB.csproj", "{8b62c632-9d70-4dc1-aeab-82d057a09a19}"
EndProject
Project("{9A19103F-16F7-4668-BE54-9A1E7A4F7556}") = "Connectors.Memory.Chroma", "Connectors\Connectors.Memory.Chroma\Connectors.Memory.Chroma.csproj", "{EF76F903-A37E-4DDC-B4F5-7C5D332E9710}"
EndProject
Project("{9A19103F-16F7-4668-BE54-9A1E7A4F7556}") = "Connectors.Memory.AzureCognitiveSearch", "Connectors\Connectors.Memory.AzureCognitiveSearch\Connectors.Memory.AzureCognitiveSearch.csproj", "{326DB29B-7012-4D6C-AF25-955F05EEBE81}"
EndProject
Project("{2150E333-8FDC-42A3-9474-1A3956D46DE8}") = "Experimental", "Experimental", "{ECE49193-AAE6-4E0C-897D-F5D13BEC58C2}"
EndProject
Project("{9A19103F-16F7-4668-BE54-9A1E7A4F7556}") = "Experimental.Orchestration.Flow", "Experimental\Orchestration.Flow\Experimental.Orchestration.Flow.csproj", "{0CE1C396-9D9B-48B7-B74A-6446FE3B9ED9}"
EndProject
Project("{9A19103F-16F7-4668-BE54-9A1E7A4F7556}") = "Experimental.Assistants", "Experimental\Assistants\Experimental.Assistants.csproj", "{8E6EE047-976A-482D-9625-556A348913F1}"
EndProject
Project("{9A19103F-16F7-4668-BE54-9A1E7A4F7556}") = "Experimental.Assistants.UnitTests", "Experimental\Assistants.UnitTests\Experimental.Assistants.UnitTests.csproj", "{074083E5-0E2A-4D92-BCC7-8E6DCF8DEB66}"
EndProject
Project("{9A19103F-16F7-4668-BE54-9A1E7A4F7556}") = "Experimental.Orchestration.Flow.IntegrationTests", "Experimental\Orchestration.Flow.IntegrationTests\Experimental.Orchestration.Flow.IntegrationTests.csproj", "{0FAC9FAA-CFF1-4ABC-BDE0-FE2BC87DE6C1}"
EndProject
Project("{9A19103F-16F7-4668-BE54-9A1E7A4F7556}") = "Experimental.Orchestration.Flow.UnitTests", "Experimental\Orchestration.Flow.UnitTests\Experimental.Orchestration.Flow.UnitTests.csproj", "{3468E231-FC10-4126-80DF-37D777FB8DDF}"
EndProject
Project("{2150E333-8FDC-42A3-9474-1A3956D46DE8}") = "Plugins", "Plugins", "{3F691BED-6CE9-4F52-AB68-77C5ACA635A9}"
EndProject
Project("{9A19103F-16F7-4668-BE54-9A1E7A4F7556}") = "Plugins.Core", "Plugins\Plugins.Core\Plugins.Core.csproj", "{6A61F2A2-38FF-4EC6-84E4-45C5A0CED693}"
EndProject
Project("{9A19103F-16F7-4668-BE54-9A1E7A4F7556}") = "Plugins.MsGraph", "Plugins\Plugins.MsGraph\Plugins.MsGraph.csproj", "{7E34283A-7EB0-4C2C-8E55-CD0109F12F23}"
EndProject
Project("{9A19103F-16F7-4668-BE54-9A1E7A4F7556}") = "Plugins.Document", "Plugins\Plugins.Document\Plugins.Document.csproj", "{BA91C6CC-A37B-45B1-8E73-17E620E60DC4}"
EndProject
Project("{9A19103F-16F7-4668-BE54-9A1E7A4F7556}") = "Plugins.Web", "Plugins\Plugins.Web\Plugins.Web.csproj", "{72D313E4-ACEB-4D2F-98A8-F9C973FCE8F7}"
EndProject
Project("{9A19103F-16F7-4668-BE54-9A1E7A4F7556}") = "Plugins.UnitTests", "Plugins\Plugins.UnitTests\Plugins.UnitTests.csproj", "{E3ED4959-16B0-4B8E-88D9-153A2BBFA621}"
EndProject
Project("{9A19103F-16F7-4668-BE54-9A1E7A4F7556}") = "Plugins.Memory", "Plugins\Plugins.Memory\Plugins.Memory.csproj", "{020BEB06-D181-48C6-B977-14BC5DD171FE}"
EndProject
Project("{2150E333-8FDC-42A3-9474-1A3956D46DE8}") = "Extensions", "Extensions", "{0969787F-E80C-4ED3-837E-9E4E74B4F39F}"
EndProject
Project("{9A19103F-16F7-4668-BE54-9A1E7A4F7556}") = "Extensions.UnitTests", "Extensions\Extensions.UnitTests\Extensions.UnitTests.csproj", "{0F386ABE-E687-4718-9DFA-D92BB1450120}"
EndProject
Project("{9A19103F-16F7-4668-BE54-9A1E7A4F7556}") = "TemplateEngine.Handlebars", "Extensions\TemplateEngine.Handlebars\TemplateEngine.Handlebars.csproj", "{AC0EE685-9642-412C-87F0-77F95D3E84BD}"
EndProject
Project("{2150E333-8FDC-42A3-9474-1A3956D46DE8}") = "Planners", "Planners", "{CB8C57DD-55EB-442A-83ED-123B2286E857}"
EndProject
Project("{9A19103F-16F7-4668-BE54-9A1E7A4F7556}") = "Planners.Core", "Planners\Planners.Core\Planners.Core.csproj", "{93AEAE9D-F66F-4A2E-B18A-4947D532115D}"
EndProject
Project("{9A19103F-16F7-4668-BE54-9A1E7A4F7556}") = "Planners.Handlebars", "Planners\Planners.Handlebars\Planners.Handlebars.csproj", "{74E63A4C-9702-48C9-968B-FCE9232B55EB}"
EndProject
Project("{9A19103F-16F7-4668-BE54-9A1E7A4F7556}") = "Planners.Core.UnitTests", "Planners\Planners.Core.UnitTests\Planners.Core.UnitTests.csproj", "{33AA78DF-F2F6-4591-8272-216E3FFF03C4}"
EndProject
Project("{9A19103F-16F7-4668-BE54-9A1E7A4F7556}") = "Planners.Handlebars.UnitTests", "Planners\Planners.Handlebars.UnitTests\Planners.Handlebars.UnitTests.csproj", "{01387BEA-F035-4829-AB9C-4C71F6C33EEA}"
EndProject
Project("{9A19103F-16F7-4668-BE54-9A1E7A4F7556}") = "Planners.OpenAI", "Planners\Planners.OpenAI\Planners.OpenAI.csproj", "{6CF4673D-B27A-49BC-BC8A-62B3CDA28207}"
EndProject
Project("{2150E333-8FDC-42A3-9474-1A3956D46DE8}") = "Functions", "Functions", "{8B0FE497-8CC1-4AAA-83D7-55386B3283DB}"
EndProject
Project("{9A19103F-16F7-4668-BE54-9A1E7A4F7556}") = "Functions.UnitTests", "Functions\Functions.UnitTests\Functions.UnitTests.csproj", "{6FC24810-28EB-4C4A-BABF-8421D689356A}"
EndProject
Project("{9A19103F-16F7-4668-BE54-9A1E7A4F7556}") = "Functions.Markdown", "Functions\Functions.Markdown\Functions.Markdown.csproj", "{133AB327-C31A-4E61-8BE1-45C6F5A95ABD}"
EndProject
Project("{9A19103F-16F7-4668-BE54-9A1E7A4F7556}") = "Functions.OpenAPI", "Functions\Functions.OpenAPI\Functions.OpenAPI.csproj", "{36CA24B3-44B7-43DD-A611-3C018F818B76}"
EndProject
Project("{9A19103F-16F7-4668-BE54-9A1E7A4F7556}") = "Functions.Grpc", "Functions\Functions.Grpc\Functions.Grpc.csproj", "{CEC0B0FF-302E-4F88-A208-62087C7F2EBD}"
EndProject
Project("{9A19103F-16F7-4668-BE54-9A1E7A4F7556}") = "Functions.Yaml", "Functions\Functions.Yaml\Functions.Yaml.csproj", "{A83E0D8E-C14C-4536-9D75-2FBEB3DE9E1E}"
EndProject
Global
	GlobalSection(SolutionConfigurationPlatforms) = preSolution
		Debug|Any CPU = Debug|Any CPU
		Release|Any CPU = Release|Any CPU
	EndGlobalSection
	GlobalSection(ProjectConfigurationPlatforms) = postSolution
		{8A76BE18-0615-4486-95BA-18F6057A1E1C}.Debug|Any CPU.ActiveCfg = Debug|Any CPU
		{8A76BE18-0615-4486-95BA-18F6057A1E1C}.Debug|Any CPU.Build.0 = Debug|Any CPU
		{8A76BE18-0615-4486-95BA-18F6057A1E1C}.Release|Any CPU.ActiveCfg = Release|Any CPU
		{8A76BE18-0615-4486-95BA-18F6057A1E1C}.Release|Any CPU.Build.0 = Release|Any CPU
		{4F6FC638-98E9-4F35-BB56-106B54DDE0DD}.Debug|Any CPU.ActiveCfg = Debug|Any CPU
		{4F6FC638-98E9-4F35-BB56-106B54DDE0DD}.Debug|Any CPU.Build.0 = Debug|Any CPU
		{4F6FC638-98E9-4F35-BB56-106B54DDE0DD}.Release|Any CPU.ActiveCfg = Release|Any CPU
		{4F6FC638-98E9-4F35-BB56-106B54DDE0DD}.Release|Any CPU.Build.0 = Release|Any CPU
		{7C16C618-513D-4C15-974C-F76492370FAB}.Debug|Any CPU.ActiveCfg = Debug|Any CPU
		{7C16C618-513D-4C15-974C-F76492370FAB}.Debug|Any CPU.Build.0 = Debug|Any CPU
		{7C16C618-513D-4C15-974C-F76492370FAB}.Release|Any CPU.ActiveCfg = Release|Any CPU
		{7C16C618-513D-4C15-974C-F76492370FAB}.Release|Any CPU.Build.0 = Release|Any CPU
		{BB777FB9-7C29-4A84-B15B-61A552FAC337}.Debug|Any CPU.ActiveCfg = Debug|Any CPU
		{BB777FB9-7C29-4A84-B15B-61A552FAC337}.Debug|Any CPU.Build.0 = Debug|Any CPU
		{BB777FB9-7C29-4A84-B15B-61A552FAC337}.Release|Any CPU.ActiveCfg = Release|Any CPU
		{BB777FB9-7C29-4A84-B15B-61A552FAC337}.Release|Any CPU.Build.0 = Release|Any CPU
		{4EFA4E65-B4E1-4C5F-84C1-F083F482E89F}.Debug|Any CPU.ActiveCfg = Debug|Any CPU
		{4EFA4E65-B4E1-4C5F-84C1-F083F482E89F}.Debug|Any CPU.Build.0 = Debug|Any CPU
		{4EFA4E65-B4E1-4C5F-84C1-F083F482E89F}.Release|Any CPU.ActiveCfg = Release|Any CPU
		{4EFA4E65-B4E1-4C5F-84C1-F083F482E89F}.Release|Any CPU.Build.0 = Release|Any CPU
		{430F941A-3BA5-495D-BE18-846406B3A764}.Debug|Any CPU.ActiveCfg = Debug|Any CPU
		{430F941A-3BA5-495D-BE18-846406B3A764}.Debug|Any CPU.Build.0 = Debug|Any CPU
		{430F941A-3BA5-495D-BE18-846406B3A764}.Release|Any CPU.ActiveCfg = Release|Any CPU
		{430F941A-3BA5-495D-BE18-846406B3A764}.Release|Any CPU.Build.0 = Release|Any CPU
		{4EF63A6A-F070-4355-BC38-297BA99D51D8}.Debug|Any CPU.ActiveCfg = Debug|Any CPU
		{4EF63A6A-F070-4355-BC38-297BA99D51D8}.Debug|Any CPU.Build.0 = Debug|Any CPU
		{4EF63A6A-F070-4355-BC38-297BA99D51D8}.Release|Any CPU.ActiveCfg = Release|Any CPU
		{4EF63A6A-F070-4355-BC38-297BA99D51D8}.Release|Any CPU.Build.0 = Release|Any CPU
		{044141E5-01E5-4768-B337-2752F6E4F943}.Debug|Any CPU.ActiveCfg = Debug|Any CPU
		{044141E5-01E5-4768-B337-2752F6E4F943}.Debug|Any CPU.Build.0 = Debug|Any CPU
		{044141E5-01E5-4768-B337-2752F6E4F943}.Release|Any CPU.ActiveCfg = Release|Any CPU
		{044141E5-01E5-4768-B337-2752F6E4F943}.Release|Any CPU.Build.0 = Release|Any CPU
		{F03AD79C-54AF-4CB1-9FA3-EBA411F26E6E}.Debug|Any CPU.ActiveCfg = Debug|Any CPU
		{F03AD79C-54AF-4CB1-9FA3-EBA411F26E6E}.Debug|Any CPU.Build.0 = Debug|Any CPU
		{F03AD79C-54AF-4CB1-9FA3-EBA411F26E6E}.Release|Any CPU.ActiveCfg = Release|Any CPU
		{F03AD79C-54AF-4CB1-9FA3-EBA411F26E6E}.Release|Any CPU.Build.0 = Release|Any CPU
		{E57F2E67-41AF-4980-94F8-0BEE154A17F8}.Debug|Any CPU.ActiveCfg = Debug|Any CPU
		{E57F2E67-41AF-4980-94F8-0BEE154A17F8}.Debug|Any CPU.Build.0 = Debug|Any CPU
		{E57F2E67-41AF-4980-94F8-0BEE154A17F8}.Release|Any CPU.ActiveCfg = Release|Any CPU
		{E57F2E67-41AF-4980-94F8-0BEE154A17F8}.Release|Any CPU.Build.0 = Release|Any CPU
		{6590BE96-3CFD-4E6A-A01F-4C6399E8C5A4}.Debug|Any CPU.ActiveCfg = Debug|Any CPU
		{6590BE96-3CFD-4E6A-A01F-4C6399E8C5A4}.Debug|Any CPU.Build.0 = Debug|Any CPU
		{6590BE96-3CFD-4E6A-A01F-4C6399E8C5A4}.Release|Any CPU.ActiveCfg = Release|Any CPU
		{6590BE96-3CFD-4E6A-A01F-4C6399E8C5A4}.Release|Any CPU.Build.0 = Release|Any CPU
		{7439E4BF-EE7B-4C28-8F70-4E0328F1AADB}.Debug|Any CPU.ActiveCfg = Debug|Any CPU
		{7439E4BF-EE7B-4C28-8F70-4E0328F1AADB}.Debug|Any CPU.Build.0 = Debug|Any CPU
		{7439E4BF-EE7B-4C28-8F70-4E0328F1AADB}.Release|Any CPU.ActiveCfg = Release|Any CPU
		{7439E4BF-EE7B-4C28-8F70-4E0328F1AADB}.Release|Any CPU.Build.0 = Release|Any CPU
		{A2E0B968-6191-4AD6-A510-2606BDA91E05}.Debug|Any CPU.ActiveCfg = Debug|Any CPU
		{A2E0B968-6191-4AD6-A510-2606BDA91E05}.Debug|Any CPU.Build.0 = Debug|Any CPU
		{A2E0B968-6191-4AD6-A510-2606BDA91E05}.Release|Any CPU.ActiveCfg = Release|Any CPU
		{A2E0B968-6191-4AD6-A510-2606BDA91E05}.Release|Any CPU.Build.0 = Release|Any CPU
		{88EB9E6B-22BF-41C0-AFCB-5A2E69004ECF}.Debug|Any CPU.ActiveCfg = Debug|Any CPU
		{88EB9E6B-22BF-41C0-AFCB-5A2E69004ECF}.Debug|Any CPU.Build.0 = Debug|Any CPU
		{88EB9E6B-22BF-41C0-AFCB-5A2E69004ECF}.Release|Any CPU.ActiveCfg = Release|Any CPU
		{88EB9E6B-22BF-41C0-AFCB-5A2E69004ECF}.Release|Any CPU.Build.0 = Release|Any CPU
		{AEA1E74C-E7FF-48CF-AD46-43E41D709B09}.Debug|Any CPU.ActiveCfg = Debug|Any CPU
		{AEA1E74C-E7FF-48CF-AD46-43E41D709B09}.Debug|Any CPU.Build.0 = Debug|Any CPU
		{AEA1E74C-E7FF-48CF-AD46-43E41D709B09}.Release|Any CPU.ActiveCfg = Release|Any CPU
		{AEA1E74C-E7FF-48CF-AD46-43E41D709B09}.Release|Any CPU.Build.0 = Release|Any CPU
		{CDC1B3A6-3EE1-4B94-9B9A-6FF9C4456A95}.Debug|Any CPU.ActiveCfg = Debug|Any CPU
		{CDC1B3A6-3EE1-4B94-9B9A-6FF9C4456A95}.Debug|Any CPU.Build.0 = Debug|Any CPU
		{CDC1B3A6-3EE1-4B94-9B9A-6FF9C4456A95}.Release|Any CPU.ActiveCfg = Release|Any CPU
		{CDC1B3A6-3EE1-4B94-9B9A-6FF9C4456A95}.Release|Any CPU.Build.0 = Release|Any CPU
		{69AE7C77-E696-4A56-82BB-49EE11FF56A7}.Debug|Any CPU.ActiveCfg = Debug|Any CPU
		{69AE7C77-E696-4A56-82BB-49EE11FF56A7}.Debug|Any CPU.Build.0 = Debug|Any CPU
		{69AE7C77-E696-4A56-82BB-49EE11FF56A7}.Release|Any CPU.ActiveCfg = Release|Any CPU
		{69AE7C77-E696-4A56-82BB-49EE11FF56A7}.Release|Any CPU.Build.0 = Release|Any CPU
		{0B0BACF6-DD33-4648-A43F-3A41FD2925DB}.Debug|Any CPU.ActiveCfg = Debug|Any CPU
		{0B0BACF6-DD33-4648-A43F-3A41FD2925DB}.Debug|Any CPU.Build.0 = Debug|Any CPU
		{0B0BACF6-DD33-4648-A43F-3A41FD2925DB}.Release|Any CPU.ActiveCfg = Release|Any CPU
		{0B0BACF6-DD33-4648-A43F-3A41FD2925DB}.Release|Any CPU.Build.0 = Release|Any CPU
		{8b62c632-9d70-4dc1-aeab-82d057a09a19}.Debug|Any CPU.ActiveCfg = Debug|Any CPU
		{8b62c632-9d70-4dc1-aeab-82d057a09a19}.Debug|Any CPU.Build.0 = Debug|Any CPU
		{8b62c632-9d70-4dc1-aeab-82d057a09a19}.Release|Any CPU.ActiveCfg = Release|Any CPU
		{8b62c632-9d70-4dc1-aeab-82d057a09a19}.Release|Any CPU.Build.0 = Release|Any CPU
		{EF76F903-A37E-4DDC-B4F5-7C5D332E9710}.Debug|Any CPU.ActiveCfg = Debug|Any CPU
		{EF76F903-A37E-4DDC-B4F5-7C5D332E9710}.Debug|Any CPU.Build.0 = Debug|Any CPU
		{EF76F903-A37E-4DDC-B4F5-7C5D332E9710}.Release|Any CPU.ActiveCfg = Release|Any CPU
		{EF76F903-A37E-4DDC-B4F5-7C5D332E9710}.Release|Any CPU.Build.0 = Release|Any CPU
		{326DB29B-7012-4D6C-AF25-955F05EEBE81}.Debug|Any CPU.ActiveCfg = Debug|Any CPU
		{326DB29B-7012-4D6C-AF25-955F05EEBE81}.Debug|Any CPU.Build.0 = Debug|Any CPU
		{326DB29B-7012-4D6C-AF25-955F05EEBE81}.Release|Any CPU.ActiveCfg = Release|Any CPU
		{326DB29B-7012-4D6C-AF25-955F05EEBE81}.Release|Any CPU.Build.0 = Release|Any CPU
		{0CE1C396-9D9B-48B7-B74A-6446FE3B9ED9}.Debug|Any CPU.ActiveCfg = Debug|Any CPU
		{0CE1C396-9D9B-48B7-B74A-6446FE3B9ED9}.Debug|Any CPU.Build.0 = Debug|Any CPU
		{0CE1C396-9D9B-48B7-B74A-6446FE3B9ED9}.Release|Any CPU.ActiveCfg = Release|Any CPU
		{0CE1C396-9D9B-48B7-B74A-6446FE3B9ED9}.Release|Any CPU.Build.0 = Release|Any CPU
		{8E6EE047-976A-482D-9625-556A348913F1}.Debug|Any CPU.ActiveCfg = Debug|Any CPU
		{8E6EE047-976A-482D-9625-556A348913F1}.Debug|Any CPU.Build.0 = Debug|Any CPU
		{8E6EE047-976A-482D-9625-556A348913F1}.Release|Any CPU.ActiveCfg = Release|Any CPU
		{8E6EE047-976A-482D-9625-556A348913F1}.Release|Any CPU.Build.0 = Release|Any CPU
		{074083E5-0E2A-4D92-BCC7-8E6DCF8DEB66}.Debug|Any CPU.ActiveCfg = Debug|Any CPU
		{074083E5-0E2A-4D92-BCC7-8E6DCF8DEB66}.Debug|Any CPU.Build.0 = Debug|Any CPU
		{074083E5-0E2A-4D92-BCC7-8E6DCF8DEB66}.Release|Any CPU.ActiveCfg = Release|Any CPU
		{074083E5-0E2A-4D92-BCC7-8E6DCF8DEB66}.Release|Any CPU.Build.0 = Release|Any CPU
		{0FAC9FAA-CFF1-4ABC-BDE0-FE2BC87DE6C1}.Debug|Any CPU.ActiveCfg = Debug|Any CPU
		{0FAC9FAA-CFF1-4ABC-BDE0-FE2BC87DE6C1}.Debug|Any CPU.Build.0 = Debug|Any CPU
		{0FAC9FAA-CFF1-4ABC-BDE0-FE2BC87DE6C1}.Release|Any CPU.ActiveCfg = Release|Any CPU
		{0FAC9FAA-CFF1-4ABC-BDE0-FE2BC87DE6C1}.Release|Any CPU.Build.0 = Release|Any CPU
		{3468E231-FC10-4126-80DF-37D777FB8DDF}.Debug|Any CPU.ActiveCfg = Debug|Any CPU
		{3468E231-FC10-4126-80DF-37D777FB8DDF}.Debug|Any CPU.Build.0 = Debug|Any CPU
		{3468E231-FC10-4126-80DF-37D777FB8DDF}.Release|Any CPU.ActiveCfg = Release|Any CPU
		{3468E231-FC10-4126-80DF-37D777FB8DDF}.Release|Any CPU.Build.0 = Release|Any CPU
		{6A61F2A2-38FF-4EC6-84E4-45C5A0CED693}.Debug|Any CPU.ActiveCfg = Debug|Any CPU
		{6A61F2A2-38FF-4EC6-84E4-45C5A0CED693}.Debug|Any CPU.Build.0 = Debug|Any CPU
		{6A61F2A2-38FF-4EC6-84E4-45C5A0CED693}.Release|Any CPU.ActiveCfg = Release|Any CPU
		{6A61F2A2-38FF-4EC6-84E4-45C5A0CED693}.Release|Any CPU.Build.0 = Release|Any CPU
		{7E34283A-7EB0-4C2C-8E55-CD0109F12F23}.Debug|Any CPU.ActiveCfg = Debug|Any CPU
		{7E34283A-7EB0-4C2C-8E55-CD0109F12F23}.Debug|Any CPU.Build.0 = Debug|Any CPU
		{7E34283A-7EB0-4C2C-8E55-CD0109F12F23}.Release|Any CPU.ActiveCfg = Release|Any CPU
		{7E34283A-7EB0-4C2C-8E55-CD0109F12F23}.Release|Any CPU.Build.0 = Release|Any CPU
		{BA91C6CC-A37B-45B1-8E73-17E620E60DC4}.Debug|Any CPU.ActiveCfg = Debug|Any CPU
		{BA91C6CC-A37B-45B1-8E73-17E620E60DC4}.Debug|Any CPU.Build.0 = Debug|Any CPU
		{BA91C6CC-A37B-45B1-8E73-17E620E60DC4}.Release|Any CPU.ActiveCfg = Release|Any CPU
		{BA91C6CC-A37B-45B1-8E73-17E620E60DC4}.Release|Any CPU.Build.0 = Release|Any CPU
		{72D313E4-ACEB-4D2F-98A8-F9C973FCE8F7}.Debug|Any CPU.ActiveCfg = Debug|Any CPU
		{72D313E4-ACEB-4D2F-98A8-F9C973FCE8F7}.Debug|Any CPU.Build.0 = Debug|Any CPU
		{72D313E4-ACEB-4D2F-98A8-F9C973FCE8F7}.Release|Any CPU.ActiveCfg = Release|Any CPU
		{72D313E4-ACEB-4D2F-98A8-F9C973FCE8F7}.Release|Any CPU.Build.0 = Release|Any CPU
		{E3ED4959-16B0-4B8E-88D9-153A2BBFA621}.Debug|Any CPU.ActiveCfg = Debug|Any CPU
		{E3ED4959-16B0-4B8E-88D9-153A2BBFA621}.Debug|Any CPU.Build.0 = Debug|Any CPU
		{E3ED4959-16B0-4B8E-88D9-153A2BBFA621}.Release|Any CPU.ActiveCfg = Release|Any CPU
		{E3ED4959-16B0-4B8E-88D9-153A2BBFA621}.Release|Any CPU.Build.0 = Release|Any CPU
		{020BEB06-D181-48C6-B977-14BC5DD171FE}.Debug|Any CPU.ActiveCfg = Debug|Any CPU
		{020BEB06-D181-48C6-B977-14BC5DD171FE}.Debug|Any CPU.Build.0 = Debug|Any CPU
		{020BEB06-D181-48C6-B977-14BC5DD171FE}.Release|Any CPU.ActiveCfg = Release|Any CPU
		{020BEB06-D181-48C6-B977-14BC5DD171FE}.Release|Any CPU.Build.0 = Release|Any CPU
		{0F386ABE-E687-4718-9DFA-D92BB1450120}.Debug|Any CPU.ActiveCfg = Debug|Any CPU
		{0F386ABE-E687-4718-9DFA-D92BB1450120}.Debug|Any CPU.Build.0 = Debug|Any CPU
		{0F386ABE-E687-4718-9DFA-D92BB1450120}.Release|Any CPU.ActiveCfg = Release|Any CPU
		{0F386ABE-E687-4718-9DFA-D92BB1450120}.Release|Any CPU.Build.0 = Release|Any CPU
		{AC0EE685-9642-412C-87F0-77F95D3E84BD}.Debug|Any CPU.ActiveCfg = Debug|Any CPU
		{AC0EE685-9642-412C-87F0-77F95D3E84BD}.Debug|Any CPU.Build.0 = Debug|Any CPU
		{AC0EE685-9642-412C-87F0-77F95D3E84BD}.Release|Any CPU.ActiveCfg = Release|Any CPU
		{AC0EE685-9642-412C-87F0-77F95D3E84BD}.Release|Any CPU.Build.0 = Release|Any CPU
		{93AEAE9D-F66F-4A2E-B18A-4947D532115D}.Debug|Any CPU.ActiveCfg = Debug|Any CPU
		{93AEAE9D-F66F-4A2E-B18A-4947D532115D}.Debug|Any CPU.Build.0 = Debug|Any CPU
		{93AEAE9D-F66F-4A2E-B18A-4947D532115D}.Release|Any CPU.ActiveCfg = Release|Any CPU
		{93AEAE9D-F66F-4A2E-B18A-4947D532115D}.Release|Any CPU.Build.0 = Release|Any CPU
		{74E63A4C-9702-48C9-968B-FCE9232B55EB}.Debug|Any CPU.ActiveCfg = Debug|Any CPU
		{74E63A4C-9702-48C9-968B-FCE9232B55EB}.Debug|Any CPU.Build.0 = Debug|Any CPU
		{74E63A4C-9702-48C9-968B-FCE9232B55EB}.Release|Any CPU.ActiveCfg = Release|Any CPU
		{74E63A4C-9702-48C9-968B-FCE9232B55EB}.Release|Any CPU.Build.0 = Release|Any CPU
		{33AA78DF-F2F6-4591-8272-216E3FFF03C4}.Debug|Any CPU.ActiveCfg = Debug|Any CPU
		{33AA78DF-F2F6-4591-8272-216E3FFF03C4}.Debug|Any CPU.Build.0 = Debug|Any CPU
		{33AA78DF-F2F6-4591-8272-216E3FFF03C4}.Release|Any CPU.ActiveCfg = Release|Any CPU
		{33AA78DF-F2F6-4591-8272-216E3FFF03C4}.Release|Any CPU.Build.0 = Release|Any CPU
		{01387BEA-F035-4829-AB9C-4C71F6C33EEA}.Debug|Any CPU.ActiveCfg = Debug|Any CPU
		{01387BEA-F035-4829-AB9C-4C71F6C33EEA}.Debug|Any CPU.Build.0 = Debug|Any CPU
		{01387BEA-F035-4829-AB9C-4C71F6C33EEA}.Release|Any CPU.ActiveCfg = Release|Any CPU
		{01387BEA-F035-4829-AB9C-4C71F6C33EEA}.Release|Any CPU.Build.0 = Release|Any CPU
		{6CF4673D-B27A-49BC-BC8A-62B3CDA28207}.Debug|Any CPU.ActiveCfg = Debug|Any CPU
		{6CF4673D-B27A-49BC-BC8A-62B3CDA28207}.Debug|Any CPU.Build.0 = Debug|Any CPU
		{6CF4673D-B27A-49BC-BC8A-62B3CDA28207}.Release|Any CPU.ActiveCfg = Release|Any CPU
		{6CF4673D-B27A-49BC-BC8A-62B3CDA28207}.Release|Any CPU.Build.0 = Release|Any CPU
		{6FC24810-28EB-4C4A-BABF-8421D689356A}.Debug|Any CPU.ActiveCfg = Debug|Any CPU
		{6FC24810-28EB-4C4A-BABF-8421D689356A}.Debug|Any CPU.Build.0 = Debug|Any CPU
		{6FC24810-28EB-4C4A-BABF-8421D689356A}.Release|Any CPU.ActiveCfg = Release|Any CPU
		{6FC24810-28EB-4C4A-BABF-8421D689356A}.Release|Any CPU.Build.0 = Release|Any CPU
		{133AB327-C31A-4E61-8BE1-45C6F5A95ABD}.Debug|Any CPU.ActiveCfg = Debug|Any CPU
		{133AB327-C31A-4E61-8BE1-45C6F5A95ABD}.Debug|Any CPU.Build.0 = Debug|Any CPU
		{133AB327-C31A-4E61-8BE1-45C6F5A95ABD}.Release|Any CPU.ActiveCfg = Release|Any CPU
		{133AB327-C31A-4E61-8BE1-45C6F5A95ABD}.Release|Any CPU.Build.0 = Release|Any CPU
		{36CA24B3-44B7-43DD-A611-3C018F818B76}.Debug|Any CPU.ActiveCfg = Debug|Any CPU
		{36CA24B3-44B7-43DD-A611-3C018F818B76}.Debug|Any CPU.Build.0 = Debug|Any CPU
		{36CA24B3-44B7-43DD-A611-3C018F818B76}.Release|Any CPU.ActiveCfg = Release|Any CPU
		{36CA24B3-44B7-43DD-A611-3C018F818B76}.Release|Any CPU.Build.0 = Release|Any CPU
		{CEC0B0FF-302E-4F88-A208-62087C7F2EBD}.Debug|Any CPU.ActiveCfg = Debug|Any CPU
		{CEC0B0FF-302E-4F88-A208-62087C7F2EBD}.Debug|Any CPU.Build.0 = Debug|Any CPU
		{CEC0B0FF-302E-4F88-A208-62087C7F2EBD}.Release|Any CPU.ActiveCfg = Release|Any CPU
		{CEC0B0FF-302E-4F88-A208-62087C7F2EBD}.Release|Any CPU.Build.0 = Release|Any CPU
		{A83E0D8E-C14C-4536-9D75-2FBEB3DE9E1E}.Debug|Any CPU.ActiveCfg = Debug|Any CPU
		{A83E0D8E-C14C-4536-9D75-2FBEB3DE9E1E}.Debug|Any CPU.Build.0 = Debug|Any CPU
		{A83E0D8E-C14C-4536-9D75-2FBEB3DE9E1E}.Release|Any CPU.ActiveCfg = Release|Any CPU
		{A83E0D8E-C14C-4536-9D75-2FBEB3DE9E1E}.Release|Any CPU.Build.0 = Release|Any CPU
	EndGlobalSection
	GlobalSection(SolutionProperties) = preSolution
		HideSolutionNode = FALSE
	EndGlobalSection
	GlobalSection(NestedProjects) = preSolution
		{430F941A-3BA5-495D-BE18-846406B3A764} = {C11C0EEE-339D-41D3-89FE-460E316F9795}
		{4EF63A6A-F070-4355-BC38-297BA99D51D8} = {C11C0EEE-339D-41D3-89FE-460E316F9795}
		{044141E5-01E5-4768-B337-2752F6E4F943} = {C11C0EEE-339D-41D3-89FE-460E316F9795}
		{F03AD79C-54AF-4CB1-9FA3-EBA411F26E6E} = {C11C0EEE-339D-41D3-89FE-460E316F9795}
		{E57F2E67-41AF-4980-94F8-0BEE154A17F8} = {C11C0EEE-339D-41D3-89FE-460E316F9795}
		{6590BE96-3CFD-4E6A-A01F-4C6399E8C5A4} = {C11C0EEE-339D-41D3-89FE-460E316F9795}
		{7439E4BF-EE7B-4C28-8F70-4E0328F1AADB} = {C11C0EEE-339D-41D3-89FE-460E316F9795}
		{A2E0B968-6191-4AD6-A510-2606BDA91E05} = {C11C0EEE-339D-41D3-89FE-460E316F9795}
		{88EB9E6B-22BF-41C0-AFCB-5A2E69004ECF} = {C11C0EEE-339D-41D3-89FE-460E316F9795}
		{AEA1E74C-E7FF-48CF-AD46-43E41D709B09} = {C11C0EEE-339D-41D3-89FE-460E316F9795}
		{CDC1B3A6-3EE1-4B94-9B9A-6FF9C4456A95} = {C11C0EEE-339D-41D3-89FE-460E316F9795}
		{69AE7C77-E696-4A56-82BB-49EE11FF56A7} = {C11C0EEE-339D-41D3-89FE-460E316F9795}
		{0B0BACF6-DD33-4648-A43F-3A41FD2925DB} = {C11C0EEE-339D-41D3-89FE-460E316F9795}
		{8b62c632-9d70-4dc1-aeab-82d057a09a19} = {C11C0EEE-339D-41D3-89FE-460E316F9795}
		{EF76F903-A37E-4DDC-B4F5-7C5D332E9710} = {C11C0EEE-339D-41D3-89FE-460E316F9795}
		{326DB29B-7012-4D6C-AF25-955F05EEBE81} = {C11C0EEE-339D-41D3-89FE-460E316F9795}
		{0CE1C396-9D9B-48B7-B74A-6446FE3B9ED9} = {ECE49193-AAE6-4E0C-897D-F5D13BEC58C2}
		{8E6EE047-976A-482D-9625-556A348913F1} = {ECE49193-AAE6-4E0C-897D-F5D13BEC58C2}
		{074083E5-0E2A-4D92-BCC7-8E6DCF8DEB66} = {ECE49193-AAE6-4E0C-897D-F5D13BEC58C2}
		{0FAC9FAA-CFF1-4ABC-BDE0-FE2BC87DE6C1} = {ECE49193-AAE6-4E0C-897D-F5D13BEC58C2}
		{3468E231-FC10-4126-80DF-37D777FB8DDF} = {ECE49193-AAE6-4E0C-897D-F5D13BEC58C2}
		{6A61F2A2-38FF-4EC6-84E4-45C5A0CED693} = {3F691BED-6CE9-4F52-AB68-77C5ACA635A9}
		{7E34283A-7EB0-4C2C-8E55-CD0109F12F23} = {3F691BED-6CE9-4F52-AB68-77C5ACA635A9}
		{BA91C6CC-A37B-45B1-8E73-17E620E60DC4} = {3F691BED-6CE9-4F52-AB68-77C5ACA635A9}
		{72D313E4-ACEB-4D2F-98A8-F9C973FCE8F7} = {3F691BED-6CE9-4F52-AB68-77C5ACA635A9}
		{E3ED4959-16B0-4B8E-88D9-153A2BBFA621} = {3F691BED-6CE9-4F52-AB68-77C5ACA635A9}
		{020BEB06-D181-48C6-B977-14BC5DD171FE} = {3F691BED-6CE9-4F52-AB68-77C5ACA635A9}
		{0F386ABE-E687-4718-9DFA-D92BB1450120} = {0969787F-E80C-4ED3-837E-9E4E74B4F39F}
		{AC0EE685-9642-412C-87F0-77F95D3E84BD} = {0969787F-E80C-4ED3-837E-9E4E74B4F39F}
		{93AEAE9D-F66F-4A2E-B18A-4947D532115D} = {CB8C57DD-55EB-442A-83ED-123B2286E857}
		{74E63A4C-9702-48C9-968B-FCE9232B55EB} = {CB8C57DD-55EB-442A-83ED-123B2286E857}
		{33AA78DF-F2F6-4591-8272-216E3FFF03C4} = {CB8C57DD-55EB-442A-83ED-123B2286E857}
		{01387BEA-F035-4829-AB9C-4C71F6C33EEA} = {CB8C57DD-55EB-442A-83ED-123B2286E857}
		{6CF4673D-B27A-49BC-BC8A-62B3CDA28207} = {CB8C57DD-55EB-442A-83ED-123B2286E857}
		{6FC24810-28EB-4C4A-BABF-8421D689356A} = {8B0FE497-8CC1-4AAA-83D7-55386B3283DB}
		{133AB327-C31A-4E61-8BE1-45C6F5A95ABD} = {8B0FE497-8CC1-4AAA-83D7-55386B3283DB}
		{36CA24B3-44B7-43DD-A611-3C018F818B76} = {8B0FE497-8CC1-4AAA-83D7-55386B3283DB}
		{CEC0B0FF-302E-4F88-A208-62087C7F2EBD} = {8B0FE497-8CC1-4AAA-83D7-55386B3283DB}
		{A83E0D8E-C14C-4536-9D75-2FBEB3DE9E1E} = {8B0FE497-8CC1-4AAA-83D7-55386B3283DB}
	EndGlobalSection
	GlobalSection(ExtensibilityGlobals) = postSolution
		SolutionGuid = {DC061B5B-F2BC-448C-BE75-72E7A191F76B}
	EndGlobalSection
EndGlobal
