
Microsoft Visual Studio Solution File, Format Version 12.00
# Visual Studio Version 17
VisualStudioVersion = 17.5.002.0
MinimumVisualStudioVersion = 10.0.40219.1
Project("{9A19103F-16F7-4668-BE54-9A1E7A4F7556}") = "sk-chatgpt-azure-function", "azure-function\sk-chatgpt-azure-function.csproj", "{B3348AC7-0082-43B2-8BC5-A032580B6A62}"
EndProject
Project("{9A19103F-16F7-4668-BE54-9A1E7A4F7556}") = "semantic-functions-generator", "semantic-functions-generator\semantic-functions-generator.csproj", "{47F24619-5AB0-4107-8E8E-64674FFE2795}"
EndProject
Project("{2150E333-8FDC-42A3-9474-1A3956D46DE8}") = "azure-function", "azure-function", "{A614F266-FF2F-47DD-9574-638B66C9FA1F}"
EndProject
Project("{9A19103F-16F7-4668-BE54-9A1E7A4F7556}") = "PluginShared", "azure-function\shared\PluginShared.csproj", "{84303BC2-10A7-477F-A0DD-6B91A2134C16}"
EndProject
Global
	GlobalSection(SolutionConfigurationPlatforms) = preSolution
		Debug|Any CPU = Debug|Any CPU
		Release|Any CPU = Release|Any CPU
	EndGlobalSection
	GlobalSection(ProjectConfigurationPlatforms) = postSolution
		{B3348AC7-0082-43B2-8BC5-A032580B6A62}.Debug|Any CPU.ActiveCfg = Debug|Any CPU
		{B3348AC7-0082-43B2-8BC5-A032580B6A62}.Debug|Any CPU.Build.0 = Debug|Any CPU
		{B3348AC7-0082-43B2-8BC5-A032580B6A62}.Release|Any CPU.ActiveCfg = Release|Any CPU
		{B3348AC7-0082-43B2-8BC5-A032580B6A62}.Release|Any CPU.Build.0 = Release|Any CPU
		{47F24619-5AB0-4107-8E8E-64674FFE2795}.Debug|Any CPU.ActiveCfg = Debug|Any CPU
		{47F24619-5AB0-4107-8E8E-64674FFE2795}.Debug|Any CPU.Build.0 = Debug|Any CPU
		{47F24619-5AB0-4107-8E8E-64674FFE2795}.Release|Any CPU.ActiveCfg = Release|Any CPU
		{47F24619-5AB0-4107-8E8E-64674FFE2795}.Release|Any CPU.Build.0 = Release|Any CPU
		{84303BC2-10A7-477F-A0DD-6B91A2134C16}.Debug|Any CPU.ActiveCfg = Debug|Any CPU
		{84303BC2-10A7-477F-A0DD-6B91A2134C16}.Debug|Any CPU.Build.0 = Debug|Any CPU
		{84303BC2-10A7-477F-A0DD-6B91A2134C16}.Release|Any CPU.ActiveCfg = Release|Any CPU
		{84303BC2-10A7-477F-A0DD-6B91A2134C16}.Release|Any CPU.Build.0 = Release|Any CPU
	EndGlobalSection
	GlobalSection(SolutionProperties) = preSolution
		HideSolutionNode = FALSE
	EndGlobalSection
	GlobalSection(NestedProjects) = preSolution
		{84303BC2-10A7-477F-A0DD-6B91A2134C16} = {A614F266-FF2F-47DD-9574-638B66C9FA1F}
	EndGlobalSection
	GlobalSection(ExtensibilityGlobals) = postSolution
		SolutionGuid = {EFD9FB2B-A724-48AF-B74C-E3B6C7A24FB5}
	EndGlobalSection
EndGlobal
